
Microsoft Visual Studio Solution File, Format Version 12.00
# Visual Studio 14
VisualStudioVersion = 14.0.25420.1
MinimumVisualStudioVersion = 10.0.40219.1
Project("{2150E333-8FDC-42A3-9474-1A3956D46DE8}") = "AudioManager", "AudioManager", "{4ADC83B2-B09B-42C8-B17A-8A01FFAC6FC3}"
EndProject
Project("{FAE04EC0-301F-11D3-BF4B-00C04F79EFBC}") = "AudioManager", "AudioManager\AudioManager\AudioManager.csproj", "{4F11005C-80F2-4D5A-907D-A3F53D4D5BC2}"
EndProject
Project("{FAE04EC0-301F-11D3-BF4B-00C04F79EFBC}") = "AudioManager.Droid", "AudioManager\AudioManager.Droid\AudioManager.Droid.csproj", "{AFE57A71-5E48-4C1B-96D6-9B85D04DCF3F}"
EndProject
Project("{FAE04EC0-301F-11D3-BF4B-00C04F79EFBC}") = "AudioManager.iOS", "AudioManager\AudioManager.iOS\AudioManager.iOS.csproj", "{95904BD7-4A06-46BD-9E1F-825AD456A880}"
EndProject
Project("{FAE04EC0-301F-11D3-BF4B-00C04F79EFBC}") = "AudioManager.UWP", "AudioManager\AudioManager.UWP\AudioManager.UWP.csproj", "{AF1EFD18-0471-477F-8C2D-52A355DC945E}"
EndProject
Project("{2150E333-8FDC-42A3-9474-1A3956D46DE8}") = "Demo", "Demo", "{4A73847F-8F28-4D89-AEE0-90339EA53FAB}"
EndProject
Project("{FAE04EC0-301F-11D3-BF4B-00C04F79EFBC}") = "AudioManager.Demo", "AudioManager.Demo\AudioManager.Demo\AudioManager.Demo.csproj", "{BA4D5004-1530-4A6C-A476-DBC293ACAC1A}"
EndProject
Project("{FAE04EC0-301F-11D3-BF4B-00C04F79EFBC}") = "AudioManager.Demo.Droid", "AudioManager.Demo\AudioManager.Demo.Droid\AudioManager.Demo.Droid.csproj", "{5FF8A621-4A1D-4817-8195-117494FE8A7D}"
EndProject
Project("{FAE04EC0-301F-11D3-BF4B-00C04F79EFBC}") = "AudioManager.Demo.WinPhone", "AudioManager.Demo\AudioManager.Demo.WinPhone\AudioManager.Demo.WinPhone.csproj", "{8CCC2E43-1B1F-4FE1-816B-BDAD3AC2105E}"
EndProject
Project("{FAE04EC0-301F-11D3-BF4B-00C04F79EFBC}") = "AudioManager.Demo.UWP", "AudioManager.Demo\AudioManager.Demo.UWP\AudioManager.Demo.UWP.csproj", "{C83C7796-1B4D-4592-AC59-67A7A0B036B3}"
EndProject
Project("{FAE04EC0-301F-11D3-BF4B-00C04F79EFBC}") = "AudioManager.Demo.Windows", "AudioManager.Demo\AudioManager.Demo.Windows\AudioManager.Demo.Windows.csproj", "{AA828AED-C5A6-493A-8B0E-65909E246CD0}"
EndProject
Project("{FAE04EC0-301F-11D3-BF4B-00C04F79EFBC}") = "AudioManager.Demo.iOS", "AudioManager.Demo\AudioManager.Demo.iOS\AudioManager.Demo.iOS.csproj", "{55B6B84D-2507-472B-AB33-7B35A831EEBF}"
EndProject
Project("{FAE04EC0-301F-11D3-BF4B-00C04F79EFBC}") = "AudioManager.WinPhone81", "AudioManager\AudioManager.WinRT\AudioManager.WinPhone81.csproj", "{AA5ADE75-0A7E-4F5F-B9D7-23D8FEDF9416}"
EndProject
Project("{D954291E-2A0B-460D-934E-DC6B0785DB48}") = "AudioManager.Win", "AudioManager\AudioManager.WinRT.Shared\AudioManager.Win.shproj", "{6CB69BF6-EF51-4CC1-8B53-EF34AD59A709}"
EndProject
Project("{FAE04EC0-301F-11D3-BF4B-00C04F79EFBC}") = "AudioManager.Win81", "AudioManager\AudioManager.WinRT.Windows\AudioManager.Win81.csproj", "{4F519A6F-24F6-4C91-83AC-2EB7B4002F81}"
EndProject
Global
	GlobalSection(SharedMSBuildProjectFiles) = preSolution
		AudioManager\AudioManager.WinRT.Shared\AudioManager.WinRT.Shared.projitems*{4f519a6f-24f6-4c91-83ac-2eb7b4002f81}*SharedItemsImports = 4
		AudioManager\AudioManager.WinRT.Shared\AudioManager.WinRT.Shared.projitems*{6cb69bf6-ef51-4cc1-8b53-ef34ad59a709}*SharedItemsImports = 13
		AudioManager\AudioManager.WinRT.Shared\AudioManager.WinRT.Shared.projitems*{aa5ade75-0a7e-4f5f-b9d7-23d8fedf9416}*SharedItemsImports = 4
		AudioManager\AudioManager.WinRT.Shared\AudioManager.WinRT.Shared.projitems*{af1efd18-0471-477f-8c2d-52a355dc945e}*SharedItemsImports = 4
	EndGlobalSection
	GlobalSection(SolutionConfigurationPlatforms) = preSolution
		Ad-Hoc|Any CPU = Ad-Hoc|Any CPU
		Ad-Hoc|ARM = Ad-Hoc|ARM
		Ad-Hoc|iPhone = Ad-Hoc|iPhone
		Ad-Hoc|iPhoneSimulator = Ad-Hoc|iPhoneSimulator
		Ad-Hoc|x64 = Ad-Hoc|x64
		Ad-Hoc|x86 = Ad-Hoc|x86
		AppStore|Any CPU = AppStore|Any CPU
		AppStore|ARM = AppStore|ARM
		AppStore|iPhone = AppStore|iPhone
		AppStore|iPhoneSimulator = AppStore|iPhoneSimulator
		AppStore|x64 = AppStore|x64
		AppStore|x86 = AppStore|x86
		Debug|Any CPU = Debug|Any CPU
		Debug|ARM = Debug|ARM
		Debug|iPhone = Debug|iPhone
		Debug|iPhoneSimulator = Debug|iPhoneSimulator
		Debug|x64 = Debug|x64
		Debug|x86 = Debug|x86
		Release|Any CPU = Release|Any CPU
		Release|ARM = Release|ARM
		Release|iPhone = Release|iPhone
		Release|iPhoneSimulator = Release|iPhoneSimulator
		Release|x64 = Release|x64
		Release|x86 = Release|x86
	EndGlobalSection
	GlobalSection(ProjectConfigurationPlatforms) = postSolution
		{4F11005C-80F2-4D5A-907D-A3F53D4D5BC2}.Ad-Hoc|Any CPU.ActiveCfg = Release|Any CPU
		{4F11005C-80F2-4D5A-907D-A3F53D4D5BC2}.Ad-Hoc|Any CPU.Build.0 = Release|Any CPU
		{4F11005C-80F2-4D5A-907D-A3F53D4D5BC2}.Ad-Hoc|ARM.ActiveCfg = Release|Any CPU
		{4F11005C-80F2-4D5A-907D-A3F53D4D5BC2}.Ad-Hoc|ARM.Build.0 = Release|Any CPU
		{4F11005C-80F2-4D5A-907D-A3F53D4D5BC2}.Ad-Hoc|iPhone.ActiveCfg = Release|Any CPU
		{4F11005C-80F2-4D5A-907D-A3F53D4D5BC2}.Ad-Hoc|iPhone.Build.0 = Release|Any CPU
		{4F11005C-80F2-4D5A-907D-A3F53D4D5BC2}.Ad-Hoc|iPhoneSimulator.ActiveCfg = Release|Any CPU
		{4F11005C-80F2-4D5A-907D-A3F53D4D5BC2}.Ad-Hoc|iPhoneSimulator.Build.0 = Release|Any CPU
		{4F11005C-80F2-4D5A-907D-A3F53D4D5BC2}.Ad-Hoc|x64.ActiveCfg = Release|Any CPU
		{4F11005C-80F2-4D5A-907D-A3F53D4D5BC2}.Ad-Hoc|x64.Build.0 = Release|Any CPU
		{4F11005C-80F2-4D5A-907D-A3F53D4D5BC2}.Ad-Hoc|x86.ActiveCfg = Release|Any CPU
		{4F11005C-80F2-4D5A-907D-A3F53D4D5BC2}.Ad-Hoc|x86.Build.0 = Release|Any CPU
		{4F11005C-80F2-4D5A-907D-A3F53D4D5BC2}.AppStore|Any CPU.ActiveCfg = Release|Any CPU
		{4F11005C-80F2-4D5A-907D-A3F53D4D5BC2}.AppStore|Any CPU.Build.0 = Release|Any CPU
		{4F11005C-80F2-4D5A-907D-A3F53D4D5BC2}.AppStore|ARM.ActiveCfg = Release|Any CPU
		{4F11005C-80F2-4D5A-907D-A3F53D4D5BC2}.AppStore|ARM.Build.0 = Release|Any CPU
		{4F11005C-80F2-4D5A-907D-A3F53D4D5BC2}.AppStore|iPhone.ActiveCfg = Release|Any CPU
		{4F11005C-80F2-4D5A-907D-A3F53D4D5BC2}.AppStore|iPhone.Build.0 = Release|Any CPU
		{4F11005C-80F2-4D5A-907D-A3F53D4D5BC2}.AppStore|iPhoneSimulator.ActiveCfg = Release|Any CPU
		{4F11005C-80F2-4D5A-907D-A3F53D4D5BC2}.AppStore|iPhoneSimulator.Build.0 = Release|Any CPU
		{4F11005C-80F2-4D5A-907D-A3F53D4D5BC2}.AppStore|x64.ActiveCfg = Release|Any CPU
		{4F11005C-80F2-4D5A-907D-A3F53D4D5BC2}.AppStore|x64.Build.0 = Release|Any CPU
		{4F11005C-80F2-4D5A-907D-A3F53D4D5BC2}.AppStore|x86.ActiveCfg = Release|Any CPU
		{4F11005C-80F2-4D5A-907D-A3F53D4D5BC2}.AppStore|x86.Build.0 = Release|Any CPU
		{4F11005C-80F2-4D5A-907D-A3F53D4D5BC2}.Debug|Any CPU.ActiveCfg = Debug|Any CPU
		{4F11005C-80F2-4D5A-907D-A3F53D4D5BC2}.Debug|Any CPU.Build.0 = Debug|Any CPU
		{4F11005C-80F2-4D5A-907D-A3F53D4D5BC2}.Debug|ARM.ActiveCfg = Debug|Any CPU
		{4F11005C-80F2-4D5A-907D-A3F53D4D5BC2}.Debug|ARM.Build.0 = Debug|Any CPU
		{4F11005C-80F2-4D5A-907D-A3F53D4D5BC2}.Debug|iPhone.ActiveCfg = Debug|Any CPU
		{4F11005C-80F2-4D5A-907D-A3F53D4D5BC2}.Debug|iPhone.Build.0 = Debug|Any CPU
		{4F11005C-80F2-4D5A-907D-A3F53D4D5BC2}.Debug|iPhoneSimulator.ActiveCfg = Debug|Any CPU
		{4F11005C-80F2-4D5A-907D-A3F53D4D5BC2}.Debug|iPhoneSimulator.Build.0 = Debug|Any CPU
		{4F11005C-80F2-4D5A-907D-A3F53D4D5BC2}.Debug|x64.ActiveCfg = Debug|Any CPU
		{4F11005C-80F2-4D5A-907D-A3F53D4D5BC2}.Debug|x64.Build.0 = Debug|Any CPU
		{4F11005C-80F2-4D5A-907D-A3F53D4D5BC2}.Debug|x86.ActiveCfg = Debug|Any CPU
		{4F11005C-80F2-4D5A-907D-A3F53D4D5BC2}.Debug|x86.Build.0 = Debug|Any CPU
		{4F11005C-80F2-4D5A-907D-A3F53D4D5BC2}.Release|Any CPU.ActiveCfg = Release|Any CPU
		{4F11005C-80F2-4D5A-907D-A3F53D4D5BC2}.Release|Any CPU.Build.0 = Release|Any CPU
		{4F11005C-80F2-4D5A-907D-A3F53D4D5BC2}.Release|ARM.ActiveCfg = Release|Any CPU
		{4F11005C-80F2-4D5A-907D-A3F53D4D5BC2}.Release|ARM.Build.0 = Release|Any CPU
		{4F11005C-80F2-4D5A-907D-A3F53D4D5BC2}.Release|iPhone.ActiveCfg = Release|Any CPU
		{4F11005C-80F2-4D5A-907D-A3F53D4D5BC2}.Release|iPhone.Build.0 = Release|Any CPU
		{4F11005C-80F2-4D5A-907D-A3F53D4D5BC2}.Release|iPhoneSimulator.ActiveCfg = Release|Any CPU
		{4F11005C-80F2-4D5A-907D-A3F53D4D5BC2}.Release|iPhoneSimulator.Build.0 = Release|Any CPU
		{4F11005C-80F2-4D5A-907D-A3F53D4D5BC2}.Release|x64.ActiveCfg = Release|Any CPU
		{4F11005C-80F2-4D5A-907D-A3F53D4D5BC2}.Release|x64.Build.0 = Release|Any CPU
		{4F11005C-80F2-4D5A-907D-A3F53D4D5BC2}.Release|x86.ActiveCfg = Release|Any CPU
		{4F11005C-80F2-4D5A-907D-A3F53D4D5BC2}.Release|x86.Build.0 = Release|Any CPU
		{AFE57A71-5E48-4C1B-96D6-9B85D04DCF3F}.Ad-Hoc|Any CPU.ActiveCfg = Release|Any CPU
		{AFE57A71-5E48-4C1B-96D6-9B85D04DCF3F}.Ad-Hoc|Any CPU.Build.0 = Release|Any CPU
		{AFE57A71-5E48-4C1B-96D6-9B85D04DCF3F}.Ad-Hoc|Any CPU.Deploy.0 = Release|Any CPU
		{AFE57A71-5E48-4C1B-96D6-9B85D04DCF3F}.Ad-Hoc|ARM.ActiveCfg = Release|Any CPU
		{AFE57A71-5E48-4C1B-96D6-9B85D04DCF3F}.Ad-Hoc|ARM.Build.0 = Release|Any CPU
		{AFE57A71-5E48-4C1B-96D6-9B85D04DCF3F}.Ad-Hoc|ARM.Deploy.0 = Release|Any CPU
		{AFE57A71-5E48-4C1B-96D6-9B85D04DCF3F}.Ad-Hoc|iPhone.ActiveCfg = Release|Any CPU
		{AFE57A71-5E48-4C1B-96D6-9B85D04DCF3F}.Ad-Hoc|iPhone.Build.0 = Release|Any CPU
		{AFE57A71-5E48-4C1B-96D6-9B85D04DCF3F}.Ad-Hoc|iPhone.Deploy.0 = Release|Any CPU
		{AFE57A71-5E48-4C1B-96D6-9B85D04DCF3F}.Ad-Hoc|iPhoneSimulator.ActiveCfg = Release|Any CPU
		{AFE57A71-5E48-4C1B-96D6-9B85D04DCF3F}.Ad-Hoc|iPhoneSimulator.Build.0 = Release|Any CPU
		{AFE57A71-5E48-4C1B-96D6-9B85D04DCF3F}.Ad-Hoc|iPhoneSimulator.Deploy.0 = Release|Any CPU
		{AFE57A71-5E48-4C1B-96D6-9B85D04DCF3F}.Ad-Hoc|x64.ActiveCfg = Release|Any CPU
		{AFE57A71-5E48-4C1B-96D6-9B85D04DCF3F}.Ad-Hoc|x64.Build.0 = Release|Any CPU
		{AFE57A71-5E48-4C1B-96D6-9B85D04DCF3F}.Ad-Hoc|x64.Deploy.0 = Release|Any CPU
		{AFE57A71-5E48-4C1B-96D6-9B85D04DCF3F}.Ad-Hoc|x86.ActiveCfg = Release|Any CPU
		{AFE57A71-5E48-4C1B-96D6-9B85D04DCF3F}.Ad-Hoc|x86.Build.0 = Release|Any CPU
		{AFE57A71-5E48-4C1B-96D6-9B85D04DCF3F}.Ad-Hoc|x86.Deploy.0 = Release|Any CPU
		{AFE57A71-5E48-4C1B-96D6-9B85D04DCF3F}.AppStore|Any CPU.ActiveCfg = Release|Any CPU
		{AFE57A71-5E48-4C1B-96D6-9B85D04DCF3F}.AppStore|Any CPU.Build.0 = Release|Any CPU
		{AFE57A71-5E48-4C1B-96D6-9B85D04DCF3F}.AppStore|Any CPU.Deploy.0 = Release|Any CPU
		{AFE57A71-5E48-4C1B-96D6-9B85D04DCF3F}.AppStore|ARM.ActiveCfg = Release|Any CPU
		{AFE57A71-5E48-4C1B-96D6-9B85D04DCF3F}.AppStore|ARM.Build.0 = Release|Any CPU
		{AFE57A71-5E48-4C1B-96D6-9B85D04DCF3F}.AppStore|ARM.Deploy.0 = Release|Any CPU
		{AFE57A71-5E48-4C1B-96D6-9B85D04DCF3F}.AppStore|iPhone.ActiveCfg = Release|Any CPU
		{AFE57A71-5E48-4C1B-96D6-9B85D04DCF3F}.AppStore|iPhone.Build.0 = Release|Any CPU
		{AFE57A71-5E48-4C1B-96D6-9B85D04DCF3F}.AppStore|iPhone.Deploy.0 = Release|Any CPU
		{AFE57A71-5E48-4C1B-96D6-9B85D04DCF3F}.AppStore|iPhoneSimulator.ActiveCfg = Release|Any CPU
		{AFE57A71-5E48-4C1B-96D6-9B85D04DCF3F}.AppStore|iPhoneSimulator.Build.0 = Release|Any CPU
		{AFE57A71-5E48-4C1B-96D6-9B85D04DCF3F}.AppStore|iPhoneSimulator.Deploy.0 = Release|Any CPU
		{AFE57A71-5E48-4C1B-96D6-9B85D04DCF3F}.AppStore|x64.ActiveCfg = Release|Any CPU
		{AFE57A71-5E48-4C1B-96D6-9B85D04DCF3F}.AppStore|x64.Build.0 = Release|Any CPU
		{AFE57A71-5E48-4C1B-96D6-9B85D04DCF3F}.AppStore|x64.Deploy.0 = Release|Any CPU
		{AFE57A71-5E48-4C1B-96D6-9B85D04DCF3F}.AppStore|x86.ActiveCfg = Release|Any CPU
		{AFE57A71-5E48-4C1B-96D6-9B85D04DCF3F}.AppStore|x86.Build.0 = Release|Any CPU
		{AFE57A71-5E48-4C1B-96D6-9B85D04DCF3F}.AppStore|x86.Deploy.0 = Release|Any CPU
		{AFE57A71-5E48-4C1B-96D6-9B85D04DCF3F}.Debug|Any CPU.ActiveCfg = Debug|Any CPU
		{AFE57A71-5E48-4C1B-96D6-9B85D04DCF3F}.Debug|Any CPU.Build.0 = Debug|Any CPU
		{AFE57A71-5E48-4C1B-96D6-9B85D04DCF3F}.Debug|Any CPU.Deploy.0 = Debug|Any CPU
		{AFE57A71-5E48-4C1B-96D6-9B85D04DCF3F}.Debug|ARM.ActiveCfg = Debug|Any CPU
		{AFE57A71-5E48-4C1B-96D6-9B85D04DCF3F}.Debug|ARM.Build.0 = Debug|Any CPU
		{AFE57A71-5E48-4C1B-96D6-9B85D04DCF3F}.Debug|ARM.Deploy.0 = Debug|Any CPU
		{AFE57A71-5E48-4C1B-96D6-9B85D04DCF3F}.Debug|iPhone.ActiveCfg = Debug|Any CPU
		{AFE57A71-5E48-4C1B-96D6-9B85D04DCF3F}.Debug|iPhone.Build.0 = Debug|Any CPU
		{AFE57A71-5E48-4C1B-96D6-9B85D04DCF3F}.Debug|iPhone.Deploy.0 = Debug|Any CPU
		{AFE57A71-5E48-4C1B-96D6-9B85D04DCF3F}.Debug|iPhoneSimulator.ActiveCfg = Debug|Any CPU
		{AFE57A71-5E48-4C1B-96D6-9B85D04DCF3F}.Debug|iPhoneSimulator.Build.0 = Debug|Any CPU
		{AFE57A71-5E48-4C1B-96D6-9B85D04DCF3F}.Debug|iPhoneSimulator.Deploy.0 = Debug|Any CPU
		{AFE57A71-5E48-4C1B-96D6-9B85D04DCF3F}.Debug|x64.ActiveCfg = Debug|Any CPU
		{AFE57A71-5E48-4C1B-96D6-9B85D04DCF3F}.Debug|x64.Build.0 = Debug|Any CPU
		{AFE57A71-5E48-4C1B-96D6-9B85D04DCF3F}.Debug|x64.Deploy.0 = Debug|Any CPU
		{AFE57A71-5E48-4C1B-96D6-9B85D04DCF3F}.Debug|x86.ActiveCfg = Debug|Any CPU
		{AFE57A71-5E48-4C1B-96D6-9B85D04DCF3F}.Debug|x86.Build.0 = Debug|Any CPU
		{AFE57A71-5E48-4C1B-96D6-9B85D04DCF3F}.Debug|x86.Deploy.0 = Debug|Any CPU
		{AFE57A71-5E48-4C1B-96D6-9B85D04DCF3F}.Release|Any CPU.ActiveCfg = Release|Any CPU
		{AFE57A71-5E48-4C1B-96D6-9B85D04DCF3F}.Release|Any CPU.Build.0 = Release|Any CPU
		{AFE57A71-5E48-4C1B-96D6-9B85D04DCF3F}.Release|Any CPU.Deploy.0 = Release|Any CPU
		{AFE57A71-5E48-4C1B-96D6-9B85D04DCF3F}.Release|ARM.ActiveCfg = Release|Any CPU
		{AFE57A71-5E48-4C1B-96D6-9B85D04DCF3F}.Release|ARM.Build.0 = Release|Any CPU
		{AFE57A71-5E48-4C1B-96D6-9B85D04DCF3F}.Release|ARM.Deploy.0 = Release|Any CPU
		{AFE57A71-5E48-4C1B-96D6-9B85D04DCF3F}.Release|iPhone.ActiveCfg = Release|Any CPU
		{AFE57A71-5E48-4C1B-96D6-9B85D04DCF3F}.Release|iPhone.Build.0 = Release|Any CPU
		{AFE57A71-5E48-4C1B-96D6-9B85D04DCF3F}.Release|iPhone.Deploy.0 = Release|Any CPU
		{AFE57A71-5E48-4C1B-96D6-9B85D04DCF3F}.Release|iPhoneSimulator.ActiveCfg = Release|Any CPU
		{AFE57A71-5E48-4C1B-96D6-9B85D04DCF3F}.Release|iPhoneSimulator.Build.0 = Release|Any CPU
		{AFE57A71-5E48-4C1B-96D6-9B85D04DCF3F}.Release|iPhoneSimulator.Deploy.0 = Release|Any CPU
		{AFE57A71-5E48-4C1B-96D6-9B85D04DCF3F}.Release|x64.ActiveCfg = Release|Any CPU
		{AFE57A71-5E48-4C1B-96D6-9B85D04DCF3F}.Release|x64.Build.0 = Release|Any CPU
		{AFE57A71-5E48-4C1B-96D6-9B85D04DCF3F}.Release|x64.Deploy.0 = Release|Any CPU
		{AFE57A71-5E48-4C1B-96D6-9B85D04DCF3F}.Release|x86.ActiveCfg = Release|Any CPU
		{AFE57A71-5E48-4C1B-96D6-9B85D04DCF3F}.Release|x86.Build.0 = Release|Any CPU
		{AFE57A71-5E48-4C1B-96D6-9B85D04DCF3F}.Release|x86.Deploy.0 = Release|Any CPU
		{95904BD7-4A06-46BD-9E1F-825AD456A880}.Ad-Hoc|Any CPU.ActiveCfg = Ad-Hoc|iPhone
		{95904BD7-4A06-46BD-9E1F-825AD456A880}.Ad-Hoc|ARM.ActiveCfg = Ad-Hoc|iPhone
		{95904BD7-4A06-46BD-9E1F-825AD456A880}.Ad-Hoc|iPhone.ActiveCfg = Ad-Hoc|iPhone
		{95904BD7-4A06-46BD-9E1F-825AD456A880}.Ad-Hoc|iPhone.Build.0 = Ad-Hoc|iPhone
		{95904BD7-4A06-46BD-9E1F-825AD456A880}.Ad-Hoc|iPhoneSimulator.ActiveCfg = Ad-Hoc|iPhoneSimulator
		{95904BD7-4A06-46BD-9E1F-825AD456A880}.Ad-Hoc|iPhoneSimulator.Build.0 = Ad-Hoc|iPhoneSimulator
		{95904BD7-4A06-46BD-9E1F-825AD456A880}.Ad-Hoc|x64.ActiveCfg = Ad-Hoc|iPhone
		{95904BD7-4A06-46BD-9E1F-825AD456A880}.Ad-Hoc|x86.ActiveCfg = Ad-Hoc|iPhone
		{95904BD7-4A06-46BD-9E1F-825AD456A880}.AppStore|Any CPU.ActiveCfg = AppStore|iPhone
		{95904BD7-4A06-46BD-9E1F-825AD456A880}.AppStore|ARM.ActiveCfg = AppStore|iPhone
		{95904BD7-4A06-46BD-9E1F-825AD456A880}.AppStore|iPhone.ActiveCfg = AppStore|iPhone
		{95904BD7-4A06-46BD-9E1F-825AD456A880}.AppStore|iPhone.Build.0 = AppStore|iPhone
		{95904BD7-4A06-46BD-9E1F-825AD456A880}.AppStore|iPhoneSimulator.ActiveCfg = AppStore|iPhoneSimulator
		{95904BD7-4A06-46BD-9E1F-825AD456A880}.AppStore|iPhoneSimulator.Build.0 = AppStore|iPhoneSimulator
		{95904BD7-4A06-46BD-9E1F-825AD456A880}.AppStore|x64.ActiveCfg = AppStore|iPhone
		{95904BD7-4A06-46BD-9E1F-825AD456A880}.AppStore|x86.ActiveCfg = AppStore|iPhone
		{95904BD7-4A06-46BD-9E1F-825AD456A880}.Debug|Any CPU.ActiveCfg = Debug|iPhone
		{95904BD7-4A06-46BD-9E1F-825AD456A880}.Debug|ARM.ActiveCfg = Debug|iPhone
		{95904BD7-4A06-46BD-9E1F-825AD456A880}.Debug|iPhone.ActiveCfg = Debug|iPhone
		{95904BD7-4A06-46BD-9E1F-825AD456A880}.Debug|iPhone.Build.0 = Debug|iPhone
		{95904BD7-4A06-46BD-9E1F-825AD456A880}.Debug|iPhoneSimulator.ActiveCfg = Debug|iPhoneSimulator
		{95904BD7-4A06-46BD-9E1F-825AD456A880}.Debug|iPhoneSimulator.Build.0 = Debug|iPhoneSimulator
		{95904BD7-4A06-46BD-9E1F-825AD456A880}.Debug|x64.ActiveCfg = Debug|iPhone
		{95904BD7-4A06-46BD-9E1F-825AD456A880}.Debug|x86.ActiveCfg = Debug|iPhone
		{95904BD7-4A06-46BD-9E1F-825AD456A880}.Release|Any CPU.ActiveCfg = Release|iPhone
		{95904BD7-4A06-46BD-9E1F-825AD456A880}.Release|ARM.ActiveCfg = Release|iPhone
		{95904BD7-4A06-46BD-9E1F-825AD456A880}.Release|iPhone.ActiveCfg = Release|iPhone
		{95904BD7-4A06-46BD-9E1F-825AD456A880}.Release|iPhone.Build.0 = Release|iPhone
		{95904BD7-4A06-46BD-9E1F-825AD456A880}.Release|iPhoneSimulator.ActiveCfg = Release|iPhoneSimulator
		{95904BD7-4A06-46BD-9E1F-825AD456A880}.Release|iPhoneSimulator.Build.0 = Release|iPhoneSimulator
		{95904BD7-4A06-46BD-9E1F-825AD456A880}.Release|x64.ActiveCfg = Release|iPhone
		{95904BD7-4A06-46BD-9E1F-825AD456A880}.Release|x86.ActiveCfg = Release|iPhone
		{AF1EFD18-0471-477F-8C2D-52A355DC945E}.Ad-Hoc|Any CPU.ActiveCfg = Release|x86
		{AF1EFD18-0471-477F-8C2D-52A355DC945E}.Ad-Hoc|Any CPU.Build.0 = Release|x86
		{AF1EFD18-0471-477F-8C2D-52A355DC945E}.Ad-Hoc|Any CPU.Deploy.0 = Release|x86
		{AF1EFD18-0471-477F-8C2D-52A355DC945E}.Ad-Hoc|ARM.ActiveCfg = Release|ARM
		{AF1EFD18-0471-477F-8C2D-52A355DC945E}.Ad-Hoc|ARM.Build.0 = Release|ARM
		{AF1EFD18-0471-477F-8C2D-52A355DC945E}.Ad-Hoc|ARM.Deploy.0 = Release|ARM
		{AF1EFD18-0471-477F-8C2D-52A355DC945E}.Ad-Hoc|iPhone.ActiveCfg = Release|x86
		{AF1EFD18-0471-477F-8C2D-52A355DC945E}.Ad-Hoc|iPhone.Build.0 = Release|x86
		{AF1EFD18-0471-477F-8C2D-52A355DC945E}.Ad-Hoc|iPhone.Deploy.0 = Release|x86
		{AF1EFD18-0471-477F-8C2D-52A355DC945E}.Ad-Hoc|iPhoneSimulator.ActiveCfg = Release|x86
		{AF1EFD18-0471-477F-8C2D-52A355DC945E}.Ad-Hoc|iPhoneSimulator.Build.0 = Release|x86
		{AF1EFD18-0471-477F-8C2D-52A355DC945E}.Ad-Hoc|iPhoneSimulator.Deploy.0 = Release|x86
		{AF1EFD18-0471-477F-8C2D-52A355DC945E}.Ad-Hoc|x64.ActiveCfg = Release|x64
		{AF1EFD18-0471-477F-8C2D-52A355DC945E}.Ad-Hoc|x64.Build.0 = Release|x64
		{AF1EFD18-0471-477F-8C2D-52A355DC945E}.Ad-Hoc|x64.Deploy.0 = Release|x64
		{AF1EFD18-0471-477F-8C2D-52A355DC945E}.Ad-Hoc|x86.ActiveCfg = Release|x86
		{AF1EFD18-0471-477F-8C2D-52A355DC945E}.Ad-Hoc|x86.Build.0 = Release|x86
		{AF1EFD18-0471-477F-8C2D-52A355DC945E}.Ad-Hoc|x86.Deploy.0 = Release|x86
		{AF1EFD18-0471-477F-8C2D-52A355DC945E}.AppStore|Any CPU.ActiveCfg = Release|x86
		{AF1EFD18-0471-477F-8C2D-52A355DC945E}.AppStore|Any CPU.Build.0 = Release|x86
		{AF1EFD18-0471-477F-8C2D-52A355DC945E}.AppStore|Any CPU.Deploy.0 = Release|x86
		{AF1EFD18-0471-477F-8C2D-52A355DC945E}.AppStore|ARM.ActiveCfg = Release|ARM
		{AF1EFD18-0471-477F-8C2D-52A355DC945E}.AppStore|ARM.Build.0 = Release|ARM
		{AF1EFD18-0471-477F-8C2D-52A355DC945E}.AppStore|ARM.Deploy.0 = Release|ARM
		{AF1EFD18-0471-477F-8C2D-52A355DC945E}.AppStore|iPhone.ActiveCfg = Release|x86
		{AF1EFD18-0471-477F-8C2D-52A355DC945E}.AppStore|iPhone.Build.0 = Release|x86
		{AF1EFD18-0471-477F-8C2D-52A355DC945E}.AppStore|iPhone.Deploy.0 = Release|x86
		{AF1EFD18-0471-477F-8C2D-52A355DC945E}.AppStore|iPhoneSimulator.ActiveCfg = Release|x86
		{AF1EFD18-0471-477F-8C2D-52A355DC945E}.AppStore|iPhoneSimulator.Build.0 = Release|x86
		{AF1EFD18-0471-477F-8C2D-52A355DC945E}.AppStore|iPhoneSimulator.Deploy.0 = Release|x86
		{AF1EFD18-0471-477F-8C2D-52A355DC945E}.AppStore|x64.ActiveCfg = Release|x64
		{AF1EFD18-0471-477F-8C2D-52A355DC945E}.AppStore|x64.Build.0 = Release|x64
		{AF1EFD18-0471-477F-8C2D-52A355DC945E}.AppStore|x64.Deploy.0 = Release|x64
		{AF1EFD18-0471-477F-8C2D-52A355DC945E}.AppStore|x86.ActiveCfg = Release|x86
		{AF1EFD18-0471-477F-8C2D-52A355DC945E}.AppStore|x86.Build.0 = Release|x86
		{AF1EFD18-0471-477F-8C2D-52A355DC945E}.AppStore|x86.Deploy.0 = Release|x86
		{AF1EFD18-0471-477F-8C2D-52A355DC945E}.Debug|Any CPU.ActiveCfg = Debug|x86
		{AF1EFD18-0471-477F-8C2D-52A355DC945E}.Debug|ARM.ActiveCfg = Debug|ARM
		{AF1EFD18-0471-477F-8C2D-52A355DC945E}.Debug|ARM.Build.0 = Debug|ARM
		{AF1EFD18-0471-477F-8C2D-52A355DC945E}.Debug|ARM.Deploy.0 = Debug|ARM
		{AF1EFD18-0471-477F-8C2D-52A355DC945E}.Debug|iPhone.ActiveCfg = Debug|x86
		{AF1EFD18-0471-477F-8C2D-52A355DC945E}.Debug|iPhoneSimulator.ActiveCfg = Debug|x86
		{AF1EFD18-0471-477F-8C2D-52A355DC945E}.Debug|x64.ActiveCfg = Debug|x64
		{AF1EFD18-0471-477F-8C2D-52A355DC945E}.Debug|x64.Build.0 = Debug|x64
		{AF1EFD18-0471-477F-8C2D-52A355DC945E}.Debug|x64.Deploy.0 = Debug|x64
		{AF1EFD18-0471-477F-8C2D-52A355DC945E}.Debug|x86.ActiveCfg = Debug|x86
		{AF1EFD18-0471-477F-8C2D-52A355DC945E}.Debug|x86.Build.0 = Debug|x86
		{AF1EFD18-0471-477F-8C2D-52A355DC945E}.Debug|x86.Deploy.0 = Debug|x86
		{AF1EFD18-0471-477F-8C2D-52A355DC945E}.Release|Any CPU.ActiveCfg = Release|x86
		{AF1EFD18-0471-477F-8C2D-52A355DC945E}.Release|ARM.ActiveCfg = Release|ARM
		{AF1EFD18-0471-477F-8C2D-52A355DC945E}.Release|ARM.Build.0 = Release|ARM
		{AF1EFD18-0471-477F-8C2D-52A355DC945E}.Release|ARM.Deploy.0 = Release|ARM
		{AF1EFD18-0471-477F-8C2D-52A355DC945E}.Release|iPhone.ActiveCfg = Release|x86
		{AF1EFD18-0471-477F-8C2D-52A355DC945E}.Release|iPhoneSimulator.ActiveCfg = Release|x86
		{AF1EFD18-0471-477F-8C2D-52A355DC945E}.Release|x64.ActiveCfg = Release|x64
		{AF1EFD18-0471-477F-8C2D-52A355DC945E}.Release|x64.Build.0 = Release|x64
		{AF1EFD18-0471-477F-8C2D-52A355DC945E}.Release|x64.Deploy.0 = Release|x64
		{AF1EFD18-0471-477F-8C2D-52A355DC945E}.Release|x86.ActiveCfg = Release|x86
		{AF1EFD18-0471-477F-8C2D-52A355DC945E}.Release|x86.Build.0 = Release|x86
		{AF1EFD18-0471-477F-8C2D-52A355DC945E}.Release|x86.Deploy.0 = Release|x86
		{BA4D5004-1530-4A6C-A476-DBC293ACAC1A}.Ad-Hoc|Any CPU.ActiveCfg = Release|Any CPU
		{BA4D5004-1530-4A6C-A476-DBC293ACAC1A}.Ad-Hoc|Any CPU.Build.0 = Release|Any CPU
		{BA4D5004-1530-4A6C-A476-DBC293ACAC1A}.Ad-Hoc|ARM.ActiveCfg = Release|Any CPU
		{BA4D5004-1530-4A6C-A476-DBC293ACAC1A}.Ad-Hoc|ARM.Build.0 = Release|Any CPU
		{BA4D5004-1530-4A6C-A476-DBC293ACAC1A}.Ad-Hoc|iPhone.ActiveCfg = Release|Any CPU
		{BA4D5004-1530-4A6C-A476-DBC293ACAC1A}.Ad-Hoc|iPhone.Build.0 = Release|Any CPU
		{BA4D5004-1530-4A6C-A476-DBC293ACAC1A}.Ad-Hoc|iPhoneSimulator.ActiveCfg = Release|Any CPU
		{BA4D5004-1530-4A6C-A476-DBC293ACAC1A}.Ad-Hoc|iPhoneSimulator.Build.0 = Release|Any CPU
		{BA4D5004-1530-4A6C-A476-DBC293ACAC1A}.Ad-Hoc|x64.ActiveCfg = Release|Any CPU
		{BA4D5004-1530-4A6C-A476-DBC293ACAC1A}.Ad-Hoc|x64.Build.0 = Release|Any CPU
		{BA4D5004-1530-4A6C-A476-DBC293ACAC1A}.Ad-Hoc|x86.ActiveCfg = Release|Any CPU
		{BA4D5004-1530-4A6C-A476-DBC293ACAC1A}.Ad-Hoc|x86.Build.0 = Release|Any CPU
		{BA4D5004-1530-4A6C-A476-DBC293ACAC1A}.AppStore|Any CPU.ActiveCfg = Release|Any CPU
		{BA4D5004-1530-4A6C-A476-DBC293ACAC1A}.AppStore|Any CPU.Build.0 = Release|Any CPU
		{BA4D5004-1530-4A6C-A476-DBC293ACAC1A}.AppStore|ARM.ActiveCfg = Release|Any CPU
		{BA4D5004-1530-4A6C-A476-DBC293ACAC1A}.AppStore|ARM.Build.0 = Release|Any CPU
		{BA4D5004-1530-4A6C-A476-DBC293ACAC1A}.AppStore|iPhone.ActiveCfg = Release|Any CPU
		{BA4D5004-1530-4A6C-A476-DBC293ACAC1A}.AppStore|iPhone.Build.0 = Release|Any CPU
		{BA4D5004-1530-4A6C-A476-DBC293ACAC1A}.AppStore|iPhoneSimulator.ActiveCfg = Release|Any CPU
		{BA4D5004-1530-4A6C-A476-DBC293ACAC1A}.AppStore|iPhoneSimulator.Build.0 = Release|Any CPU
		{BA4D5004-1530-4A6C-A476-DBC293ACAC1A}.AppStore|x64.ActiveCfg = Release|Any CPU
		{BA4D5004-1530-4A6C-A476-DBC293ACAC1A}.AppStore|x64.Build.0 = Release|Any CPU
		{BA4D5004-1530-4A6C-A476-DBC293ACAC1A}.AppStore|x86.ActiveCfg = Release|Any CPU
		{BA4D5004-1530-4A6C-A476-DBC293ACAC1A}.AppStore|x86.Build.0 = Release|Any CPU
		{BA4D5004-1530-4A6C-A476-DBC293ACAC1A}.Debug|Any CPU.ActiveCfg = Debug|Any CPU
		{BA4D5004-1530-4A6C-A476-DBC293ACAC1A}.Debug|Any CPU.Build.0 = Debug|Any CPU
		{BA4D5004-1530-4A6C-A476-DBC293ACAC1A}.Debug|ARM.ActiveCfg = Debug|Any CPU
		{BA4D5004-1530-4A6C-A476-DBC293ACAC1A}.Debug|ARM.Build.0 = Debug|Any CPU
		{BA4D5004-1530-4A6C-A476-DBC293ACAC1A}.Debug|iPhone.ActiveCfg = Debug|Any CPU
		{BA4D5004-1530-4A6C-A476-DBC293ACAC1A}.Debug|iPhone.Build.0 = Debug|Any CPU
		{BA4D5004-1530-4A6C-A476-DBC293ACAC1A}.Debug|iPhoneSimulator.ActiveCfg = Debug|Any CPU
		{BA4D5004-1530-4A6C-A476-DBC293ACAC1A}.Debug|iPhoneSimulator.Build.0 = Debug|Any CPU
		{BA4D5004-1530-4A6C-A476-DBC293ACAC1A}.Debug|x64.ActiveCfg = Debug|Any CPU
		{BA4D5004-1530-4A6C-A476-DBC293ACAC1A}.Debug|x64.Build.0 = Debug|Any CPU
		{BA4D5004-1530-4A6C-A476-DBC293ACAC1A}.Debug|x86.ActiveCfg = Debug|Any CPU
		{BA4D5004-1530-4A6C-A476-DBC293ACAC1A}.Debug|x86.Build.0 = Debug|Any CPU
		{BA4D5004-1530-4A6C-A476-DBC293ACAC1A}.Release|Any CPU.ActiveCfg = Release|Any CPU
		{BA4D5004-1530-4A6C-A476-DBC293ACAC1A}.Release|Any CPU.Build.0 = Release|Any CPU
		{BA4D5004-1530-4A6C-A476-DBC293ACAC1A}.Release|ARM.ActiveCfg = Release|Any CPU
		{BA4D5004-1530-4A6C-A476-DBC293ACAC1A}.Release|ARM.Build.0 = Release|Any CPU
		{BA4D5004-1530-4A6C-A476-DBC293ACAC1A}.Release|iPhone.ActiveCfg = Release|Any CPU
		{BA4D5004-1530-4A6C-A476-DBC293ACAC1A}.Release|iPhone.Build.0 = Release|Any CPU
		{BA4D5004-1530-4A6C-A476-DBC293ACAC1A}.Release|iPhoneSimulator.ActiveCfg = Release|Any CPU
		{BA4D5004-1530-4A6C-A476-DBC293ACAC1A}.Release|iPhoneSimulator.Build.0 = Release|Any CPU
		{BA4D5004-1530-4A6C-A476-DBC293ACAC1A}.Release|x64.ActiveCfg = Release|Any CPU
		{BA4D5004-1530-4A6C-A476-DBC293ACAC1A}.Release|x64.Build.0 = Release|Any CPU
		{BA4D5004-1530-4A6C-A476-DBC293ACAC1A}.Release|x86.ActiveCfg = Release|Any CPU
		{BA4D5004-1530-4A6C-A476-DBC293ACAC1A}.Release|x86.Build.0 = Release|Any CPU
		{5FF8A621-4A1D-4817-8195-117494FE8A7D}.Ad-Hoc|Any CPU.ActiveCfg = Release|Any CPU
		{5FF8A621-4A1D-4817-8195-117494FE8A7D}.Ad-Hoc|Any CPU.Build.0 = Release|Any CPU
		{5FF8A621-4A1D-4817-8195-117494FE8A7D}.Ad-Hoc|Any CPU.Deploy.0 = Release|Any CPU
		{5FF8A621-4A1D-4817-8195-117494FE8A7D}.Ad-Hoc|ARM.ActiveCfg = Release|Any CPU
		{5FF8A621-4A1D-4817-8195-117494FE8A7D}.Ad-Hoc|ARM.Build.0 = Release|Any CPU
		{5FF8A621-4A1D-4817-8195-117494FE8A7D}.Ad-Hoc|ARM.Deploy.0 = Release|Any CPU
		{5FF8A621-4A1D-4817-8195-117494FE8A7D}.Ad-Hoc|iPhone.ActiveCfg = Release|Any CPU
		{5FF8A621-4A1D-4817-8195-117494FE8A7D}.Ad-Hoc|iPhone.Build.0 = Release|Any CPU
		{5FF8A621-4A1D-4817-8195-117494FE8A7D}.Ad-Hoc|iPhone.Deploy.0 = Release|Any CPU
		{5FF8A621-4A1D-4817-8195-117494FE8A7D}.Ad-Hoc|iPhoneSimulator.ActiveCfg = Release|Any CPU
		{5FF8A621-4A1D-4817-8195-117494FE8A7D}.Ad-Hoc|iPhoneSimulator.Build.0 = Release|Any CPU
		{5FF8A621-4A1D-4817-8195-117494FE8A7D}.Ad-Hoc|iPhoneSimulator.Deploy.0 = Release|Any CPU
		{5FF8A621-4A1D-4817-8195-117494FE8A7D}.Ad-Hoc|x64.ActiveCfg = Release|Any CPU
		{5FF8A621-4A1D-4817-8195-117494FE8A7D}.Ad-Hoc|x64.Build.0 = Release|Any CPU
		{5FF8A621-4A1D-4817-8195-117494FE8A7D}.Ad-Hoc|x64.Deploy.0 = Release|Any CPU
		{5FF8A621-4A1D-4817-8195-117494FE8A7D}.Ad-Hoc|x86.ActiveCfg = Release|Any CPU
		{5FF8A621-4A1D-4817-8195-117494FE8A7D}.Ad-Hoc|x86.Build.0 = Release|Any CPU
		{5FF8A621-4A1D-4817-8195-117494FE8A7D}.Ad-Hoc|x86.Deploy.0 = Release|Any CPU
		{5FF8A621-4A1D-4817-8195-117494FE8A7D}.AppStore|Any CPU.ActiveCfg = Release|Any CPU
		{5FF8A621-4A1D-4817-8195-117494FE8A7D}.AppStore|Any CPU.Build.0 = Release|Any CPU
		{5FF8A621-4A1D-4817-8195-117494FE8A7D}.AppStore|Any CPU.Deploy.0 = Release|Any CPU
		{5FF8A621-4A1D-4817-8195-117494FE8A7D}.AppStore|ARM.ActiveCfg = Release|Any CPU
		{5FF8A621-4A1D-4817-8195-117494FE8A7D}.AppStore|ARM.Build.0 = Release|Any CPU
		{5FF8A621-4A1D-4817-8195-117494FE8A7D}.AppStore|ARM.Deploy.0 = Release|Any CPU
		{5FF8A621-4A1D-4817-8195-117494FE8A7D}.AppStore|iPhone.ActiveCfg = Release|Any CPU
		{5FF8A621-4A1D-4817-8195-117494FE8A7D}.AppStore|iPhone.Build.0 = Release|Any CPU
		{5FF8A621-4A1D-4817-8195-117494FE8A7D}.AppStore|iPhone.Deploy.0 = Release|Any CPU
		{5FF8A621-4A1D-4817-8195-117494FE8A7D}.AppStore|iPhoneSimulator.ActiveCfg = Release|Any CPU
		{5FF8A621-4A1D-4817-8195-117494FE8A7D}.AppStore|iPhoneSimulator.Build.0 = Release|Any CPU
		{5FF8A621-4A1D-4817-8195-117494FE8A7D}.AppStore|iPhoneSimulator.Deploy.0 = Release|Any CPU
		{5FF8A621-4A1D-4817-8195-117494FE8A7D}.AppStore|x64.ActiveCfg = Release|Any CPU
		{5FF8A621-4A1D-4817-8195-117494FE8A7D}.AppStore|x64.Build.0 = Release|Any CPU
		{5FF8A621-4A1D-4817-8195-117494FE8A7D}.AppStore|x64.Deploy.0 = Release|Any CPU
		{5FF8A621-4A1D-4817-8195-117494FE8A7D}.AppStore|x86.ActiveCfg = Release|Any CPU
		{5FF8A621-4A1D-4817-8195-117494FE8A7D}.AppStore|x86.Build.0 = Release|Any CPU
		{5FF8A621-4A1D-4817-8195-117494FE8A7D}.AppStore|x86.Deploy.0 = Release|Any CPU
		{5FF8A621-4A1D-4817-8195-117494FE8A7D}.Debug|Any CPU.ActiveCfg = Debug|Any CPU
		{5FF8A621-4A1D-4817-8195-117494FE8A7D}.Debug|Any CPU.Build.0 = Debug|Any CPU
		{5FF8A621-4A1D-4817-8195-117494FE8A7D}.Debug|Any CPU.Deploy.0 = Debug|Any CPU
		{5FF8A621-4A1D-4817-8195-117494FE8A7D}.Debug|ARM.ActiveCfg = Debug|Any CPU
		{5FF8A621-4A1D-4817-8195-117494FE8A7D}.Debug|ARM.Build.0 = Debug|Any CPU
		{5FF8A621-4A1D-4817-8195-117494FE8A7D}.Debug|ARM.Deploy.0 = Debug|Any CPU
		{5FF8A621-4A1D-4817-8195-117494FE8A7D}.Debug|iPhone.ActiveCfg = Debug|Any CPU
		{5FF8A621-4A1D-4817-8195-117494FE8A7D}.Debug|iPhone.Build.0 = Debug|Any CPU
		{5FF8A621-4A1D-4817-8195-117494FE8A7D}.Debug|iPhone.Deploy.0 = Debug|Any CPU
		{5FF8A621-4A1D-4817-8195-117494FE8A7D}.Debug|iPhoneSimulator.ActiveCfg = Debug|Any CPU
		{5FF8A621-4A1D-4817-8195-117494FE8A7D}.Debug|iPhoneSimulator.Build.0 = Debug|Any CPU
		{5FF8A621-4A1D-4817-8195-117494FE8A7D}.Debug|iPhoneSimulator.Deploy.0 = Debug|Any CPU
		{5FF8A621-4A1D-4817-8195-117494FE8A7D}.Debug|x64.ActiveCfg = Debug|Any CPU
		{5FF8A621-4A1D-4817-8195-117494FE8A7D}.Debug|x64.Build.0 = Debug|Any CPU
		{5FF8A621-4A1D-4817-8195-117494FE8A7D}.Debug|x64.Deploy.0 = Debug|Any CPU
		{5FF8A621-4A1D-4817-8195-117494FE8A7D}.Debug|x86.ActiveCfg = Debug|Any CPU
		{5FF8A621-4A1D-4817-8195-117494FE8A7D}.Debug|x86.Build.0 = Debug|Any CPU
		{5FF8A621-4A1D-4817-8195-117494FE8A7D}.Debug|x86.Deploy.0 = Debug|Any CPU
		{5FF8A621-4A1D-4817-8195-117494FE8A7D}.Release|Any CPU.ActiveCfg = Release|Any CPU
		{5FF8A621-4A1D-4817-8195-117494FE8A7D}.Release|Any CPU.Build.0 = Release|Any CPU
		{5FF8A621-4A1D-4817-8195-117494FE8A7D}.Release|Any CPU.Deploy.0 = Release|Any CPU
		{5FF8A621-4A1D-4817-8195-117494FE8A7D}.Release|ARM.ActiveCfg = Release|Any CPU
		{5FF8A621-4A1D-4817-8195-117494FE8A7D}.Release|ARM.Build.0 = Release|Any CPU
		{5FF8A621-4A1D-4817-8195-117494FE8A7D}.Release|ARM.Deploy.0 = Release|Any CPU
		{5FF8A621-4A1D-4817-8195-117494FE8A7D}.Release|iPhone.ActiveCfg = Release|Any CPU
		{5FF8A621-4A1D-4817-8195-117494FE8A7D}.Release|iPhone.Build.0 = Release|Any CPU
		{5FF8A621-4A1D-4817-8195-117494FE8A7D}.Release|iPhone.Deploy.0 = Release|Any CPU
		{5FF8A621-4A1D-4817-8195-117494FE8A7D}.Release|iPhoneSimulator.ActiveCfg = Release|Any CPU
		{5FF8A621-4A1D-4817-8195-117494FE8A7D}.Release|iPhoneSimulator.Build.0 = Release|Any CPU
		{5FF8A621-4A1D-4817-8195-117494FE8A7D}.Release|iPhoneSimulator.Deploy.0 = Release|Any CPU
		{5FF8A621-4A1D-4817-8195-117494FE8A7D}.Release|x64.ActiveCfg = Release|Any CPU
		{5FF8A621-4A1D-4817-8195-117494FE8A7D}.Release|x64.Build.0 = Release|Any CPU
		{5FF8A621-4A1D-4817-8195-117494FE8A7D}.Release|x64.Deploy.0 = Release|Any CPU
		{5FF8A621-4A1D-4817-8195-117494FE8A7D}.Release|x86.ActiveCfg = Release|Any CPU
		{5FF8A621-4A1D-4817-8195-117494FE8A7D}.Release|x86.Build.0 = Release|Any CPU
		{5FF8A621-4A1D-4817-8195-117494FE8A7D}.Release|x86.Deploy.0 = Release|Any CPU
		{8CCC2E43-1B1F-4FE1-816B-BDAD3AC2105E}.Ad-Hoc|Any CPU.ActiveCfg = Release|Any CPU
		{8CCC2E43-1B1F-4FE1-816B-BDAD3AC2105E}.Ad-Hoc|Any CPU.Build.0 = Release|Any CPU
		{8CCC2E43-1B1F-4FE1-816B-BDAD3AC2105E}.Ad-Hoc|Any CPU.Deploy.0 = Release|Any CPU
		{8CCC2E43-1B1F-4FE1-816B-BDAD3AC2105E}.Ad-Hoc|ARM.ActiveCfg = Release|ARM
		{8CCC2E43-1B1F-4FE1-816B-BDAD3AC2105E}.Ad-Hoc|ARM.Build.0 = Release|ARM
		{8CCC2E43-1B1F-4FE1-816B-BDAD3AC2105E}.Ad-Hoc|ARM.Deploy.0 = Release|ARM
		{8CCC2E43-1B1F-4FE1-816B-BDAD3AC2105E}.Ad-Hoc|iPhone.ActiveCfg = Release|Any CPU
		{8CCC2E43-1B1F-4FE1-816B-BDAD3AC2105E}.Ad-Hoc|iPhone.Build.0 = Release|Any CPU
		{8CCC2E43-1B1F-4FE1-816B-BDAD3AC2105E}.Ad-Hoc|iPhone.Deploy.0 = Release|Any CPU
		{8CCC2E43-1B1F-4FE1-816B-BDAD3AC2105E}.Ad-Hoc|iPhoneSimulator.ActiveCfg = Release|Any CPU
		{8CCC2E43-1B1F-4FE1-816B-BDAD3AC2105E}.Ad-Hoc|iPhoneSimulator.Build.0 = Release|Any CPU
		{8CCC2E43-1B1F-4FE1-816B-BDAD3AC2105E}.Ad-Hoc|iPhoneSimulator.Deploy.0 = Release|Any CPU
		{8CCC2E43-1B1F-4FE1-816B-BDAD3AC2105E}.Ad-Hoc|x64.ActiveCfg = Release|Any CPU
		{8CCC2E43-1B1F-4FE1-816B-BDAD3AC2105E}.Ad-Hoc|x64.Build.0 = Release|Any CPU
		{8CCC2E43-1B1F-4FE1-816B-BDAD3AC2105E}.Ad-Hoc|x64.Deploy.0 = Release|Any CPU
		{8CCC2E43-1B1F-4FE1-816B-BDAD3AC2105E}.Ad-Hoc|x86.ActiveCfg = Release|x86
		{8CCC2E43-1B1F-4FE1-816B-BDAD3AC2105E}.Ad-Hoc|x86.Build.0 = Release|x86
		{8CCC2E43-1B1F-4FE1-816B-BDAD3AC2105E}.Ad-Hoc|x86.Deploy.0 = Release|x86
		{8CCC2E43-1B1F-4FE1-816B-BDAD3AC2105E}.AppStore|Any CPU.ActiveCfg = Release|Any CPU
		{8CCC2E43-1B1F-4FE1-816B-BDAD3AC2105E}.AppStore|Any CPU.Build.0 = Release|Any CPU
		{8CCC2E43-1B1F-4FE1-816B-BDAD3AC2105E}.AppStore|Any CPU.Deploy.0 = Release|Any CPU
		{8CCC2E43-1B1F-4FE1-816B-BDAD3AC2105E}.AppStore|ARM.ActiveCfg = Release|ARM
		{8CCC2E43-1B1F-4FE1-816B-BDAD3AC2105E}.AppStore|ARM.Build.0 = Release|ARM
		{8CCC2E43-1B1F-4FE1-816B-BDAD3AC2105E}.AppStore|ARM.Deploy.0 = Release|ARM
		{8CCC2E43-1B1F-4FE1-816B-BDAD3AC2105E}.AppStore|iPhone.ActiveCfg = Release|Any CPU
		{8CCC2E43-1B1F-4FE1-816B-BDAD3AC2105E}.AppStore|iPhone.Build.0 = Release|Any CPU
		{8CCC2E43-1B1F-4FE1-816B-BDAD3AC2105E}.AppStore|iPhone.Deploy.0 = Release|Any CPU
		{8CCC2E43-1B1F-4FE1-816B-BDAD3AC2105E}.AppStore|iPhoneSimulator.ActiveCfg = Release|Any CPU
		{8CCC2E43-1B1F-4FE1-816B-BDAD3AC2105E}.AppStore|iPhoneSimulator.Build.0 = Release|Any CPU
		{8CCC2E43-1B1F-4FE1-816B-BDAD3AC2105E}.AppStore|iPhoneSimulator.Deploy.0 = Release|Any CPU
		{8CCC2E43-1B1F-4FE1-816B-BDAD3AC2105E}.AppStore|x64.ActiveCfg = Release|Any CPU
		{8CCC2E43-1B1F-4FE1-816B-BDAD3AC2105E}.AppStore|x64.Build.0 = Release|Any CPU
		{8CCC2E43-1B1F-4FE1-816B-BDAD3AC2105E}.AppStore|x64.Deploy.0 = Release|Any CPU
		{8CCC2E43-1B1F-4FE1-816B-BDAD3AC2105E}.AppStore|x86.ActiveCfg = Release|x86
		{8CCC2E43-1B1F-4FE1-816B-BDAD3AC2105E}.AppStore|x86.Build.0 = Release|x86
		{8CCC2E43-1B1F-4FE1-816B-BDAD3AC2105E}.AppStore|x86.Deploy.0 = Release|x86
		{8CCC2E43-1B1F-4FE1-816B-BDAD3AC2105E}.Debug|Any CPU.ActiveCfg = Debug|Any CPU
		{8CCC2E43-1B1F-4FE1-816B-BDAD3AC2105E}.Debug|Any CPU.Build.0 = Debug|Any CPU
		{8CCC2E43-1B1F-4FE1-816B-BDAD3AC2105E}.Debug|Any CPU.Deploy.0 = Debug|Any CPU
		{8CCC2E43-1B1F-4FE1-816B-BDAD3AC2105E}.Debug|ARM.ActiveCfg = Debug|ARM
		{8CCC2E43-1B1F-4FE1-816B-BDAD3AC2105E}.Debug|ARM.Build.0 = Debug|ARM
		{8CCC2E43-1B1F-4FE1-816B-BDAD3AC2105E}.Debug|ARM.Deploy.0 = Debug|ARM
		{8CCC2E43-1B1F-4FE1-816B-BDAD3AC2105E}.Debug|iPhone.ActiveCfg = Debug|Any CPU
		{8CCC2E43-1B1F-4FE1-816B-BDAD3AC2105E}.Debug|iPhone.Build.0 = Debug|Any CPU
		{8CCC2E43-1B1F-4FE1-816B-BDAD3AC2105E}.Debug|iPhone.Deploy.0 = Debug|Any CPU
		{8CCC2E43-1B1F-4FE1-816B-BDAD3AC2105E}.Debug|iPhoneSimulator.ActiveCfg = Debug|Any CPU
		{8CCC2E43-1B1F-4FE1-816B-BDAD3AC2105E}.Debug|iPhoneSimulator.Build.0 = Debug|Any CPU
		{8CCC2E43-1B1F-4FE1-816B-BDAD3AC2105E}.Debug|iPhoneSimulator.Deploy.0 = Debug|Any CPU
		{8CCC2E43-1B1F-4FE1-816B-BDAD3AC2105E}.Debug|x64.ActiveCfg = Debug|Any CPU
		{8CCC2E43-1B1F-4FE1-816B-BDAD3AC2105E}.Debug|x64.Build.0 = Debug|Any CPU
		{8CCC2E43-1B1F-4FE1-816B-BDAD3AC2105E}.Debug|x64.Deploy.0 = Debug|Any CPU
		{8CCC2E43-1B1F-4FE1-816B-BDAD3AC2105E}.Debug|x86.ActiveCfg = Debug|x86
		{8CCC2E43-1B1F-4FE1-816B-BDAD3AC2105E}.Debug|x86.Build.0 = Debug|x86
		{8CCC2E43-1B1F-4FE1-816B-BDAD3AC2105E}.Debug|x86.Deploy.0 = Debug|x86
		{8CCC2E43-1B1F-4FE1-816B-BDAD3AC2105E}.Release|Any CPU.ActiveCfg = Release|Any CPU
		{8CCC2E43-1B1F-4FE1-816B-BDAD3AC2105E}.Release|Any CPU.Build.0 = Release|Any CPU
		{8CCC2E43-1B1F-4FE1-816B-BDAD3AC2105E}.Release|Any CPU.Deploy.0 = Release|Any CPU
		{8CCC2E43-1B1F-4FE1-816B-BDAD3AC2105E}.Release|ARM.ActiveCfg = Release|ARM
		{8CCC2E43-1B1F-4FE1-816B-BDAD3AC2105E}.Release|ARM.Build.0 = Release|ARM
		{8CCC2E43-1B1F-4FE1-816B-BDAD3AC2105E}.Release|ARM.Deploy.0 = Release|ARM
		{8CCC2E43-1B1F-4FE1-816B-BDAD3AC2105E}.Release|iPhone.ActiveCfg = Release|Any CPU
		{8CCC2E43-1B1F-4FE1-816B-BDAD3AC2105E}.Release|iPhone.Build.0 = Release|Any CPU
		{8CCC2E43-1B1F-4FE1-816B-BDAD3AC2105E}.Release|iPhone.Deploy.0 = Release|Any CPU
		{8CCC2E43-1B1F-4FE1-816B-BDAD3AC2105E}.Release|iPhoneSimulator.ActiveCfg = Release|Any CPU
		{8CCC2E43-1B1F-4FE1-816B-BDAD3AC2105E}.Release|iPhoneSimulator.Build.0 = Release|Any CPU
		{8CCC2E43-1B1F-4FE1-816B-BDAD3AC2105E}.Release|iPhoneSimulator.Deploy.0 = Release|Any CPU
		{8CCC2E43-1B1F-4FE1-816B-BDAD3AC2105E}.Release|x64.ActiveCfg = Release|Any CPU
		{8CCC2E43-1B1F-4FE1-816B-BDAD3AC2105E}.Release|x64.Build.0 = Release|Any CPU
		{8CCC2E43-1B1F-4FE1-816B-BDAD3AC2105E}.Release|x64.Deploy.0 = Release|Any CPU
		{8CCC2E43-1B1F-4FE1-816B-BDAD3AC2105E}.Release|x86.ActiveCfg = Release|x86
		{8CCC2E43-1B1F-4FE1-816B-BDAD3AC2105E}.Release|x86.Build.0 = Release|x86
		{8CCC2E43-1B1F-4FE1-816B-BDAD3AC2105E}.Release|x86.Deploy.0 = Release|x86
		{C83C7796-1B4D-4592-AC59-67A7A0B036B3}.Ad-Hoc|Any CPU.ActiveCfg = Release|x86
		{C83C7796-1B4D-4592-AC59-67A7A0B036B3}.Ad-Hoc|Any CPU.Build.0 = Release|x86
		{C83C7796-1B4D-4592-AC59-67A7A0B036B3}.Ad-Hoc|Any CPU.Deploy.0 = Release|x86
		{C83C7796-1B4D-4592-AC59-67A7A0B036B3}.Ad-Hoc|ARM.ActiveCfg = Release|ARM
		{C83C7796-1B4D-4592-AC59-67A7A0B036B3}.Ad-Hoc|ARM.Build.0 = Release|ARM
		{C83C7796-1B4D-4592-AC59-67A7A0B036B3}.Ad-Hoc|ARM.Deploy.0 = Release|ARM
		{C83C7796-1B4D-4592-AC59-67A7A0B036B3}.Ad-Hoc|iPhone.ActiveCfg = Release|x86
		{C83C7796-1B4D-4592-AC59-67A7A0B036B3}.Ad-Hoc|iPhone.Build.0 = Release|x86
		{C83C7796-1B4D-4592-AC59-67A7A0B036B3}.Ad-Hoc|iPhone.Deploy.0 = Release|x86
		{C83C7796-1B4D-4592-AC59-67A7A0B036B3}.Ad-Hoc|iPhoneSimulator.ActiveCfg = Release|x86
		{C83C7796-1B4D-4592-AC59-67A7A0B036B3}.Ad-Hoc|iPhoneSimulator.Build.0 = Release|x86
		{C83C7796-1B4D-4592-AC59-67A7A0B036B3}.Ad-Hoc|iPhoneSimulator.Deploy.0 = Release|x86
		{C83C7796-1B4D-4592-AC59-67A7A0B036B3}.Ad-Hoc|x64.ActiveCfg = Release|x64
		{C83C7796-1B4D-4592-AC59-67A7A0B036B3}.Ad-Hoc|x64.Build.0 = Release|x64
		{C83C7796-1B4D-4592-AC59-67A7A0B036B3}.Ad-Hoc|x64.Deploy.0 = Release|x64
		{C83C7796-1B4D-4592-AC59-67A7A0B036B3}.Ad-Hoc|x86.ActiveCfg = Release|x86
		{C83C7796-1B4D-4592-AC59-67A7A0B036B3}.Ad-Hoc|x86.Build.0 = Release|x86
		{C83C7796-1B4D-4592-AC59-67A7A0B036B3}.Ad-Hoc|x86.Deploy.0 = Release|x86
		{C83C7796-1B4D-4592-AC59-67A7A0B036B3}.AppStore|Any CPU.ActiveCfg = Release|x86
		{C83C7796-1B4D-4592-AC59-67A7A0B036B3}.AppStore|Any CPU.Build.0 = Release|x86
		{C83C7796-1B4D-4592-AC59-67A7A0B036B3}.AppStore|Any CPU.Deploy.0 = Release|x86
		{C83C7796-1B4D-4592-AC59-67A7A0B036B3}.AppStore|ARM.ActiveCfg = Release|ARM
		{C83C7796-1B4D-4592-AC59-67A7A0B036B3}.AppStore|ARM.Build.0 = Release|ARM
		{C83C7796-1B4D-4592-AC59-67A7A0B036B3}.AppStore|ARM.Deploy.0 = Release|ARM
		{C83C7796-1B4D-4592-AC59-67A7A0B036B3}.AppStore|iPhone.ActiveCfg = Release|x86
		{C83C7796-1B4D-4592-AC59-67A7A0B036B3}.AppStore|iPhone.Build.0 = Release|x86
		{C83C7796-1B4D-4592-AC59-67A7A0B036B3}.AppStore|iPhone.Deploy.0 = Release|x86
		{C83C7796-1B4D-4592-AC59-67A7A0B036B3}.AppStore|iPhoneSimulator.ActiveCfg = Release|x86
		{C83C7796-1B4D-4592-AC59-67A7A0B036B3}.AppStore|iPhoneSimulator.Build.0 = Release|x86
		{C83C7796-1B4D-4592-AC59-67A7A0B036B3}.AppStore|iPhoneSimulator.Deploy.0 = Release|x86
		{C83C7796-1B4D-4592-AC59-67A7A0B036B3}.AppStore|x64.ActiveCfg = Release|x64
		{C83C7796-1B4D-4592-AC59-67A7A0B036B3}.AppStore|x64.Build.0 = Release|x64
		{C83C7796-1B4D-4592-AC59-67A7A0B036B3}.AppStore|x64.Deploy.0 = Release|x64
		{C83C7796-1B4D-4592-AC59-67A7A0B036B3}.AppStore|x86.ActiveCfg = Release|x86
		{C83C7796-1B4D-4592-AC59-67A7A0B036B3}.AppStore|x86.Build.0 = Release|x86
		{C83C7796-1B4D-4592-AC59-67A7A0B036B3}.AppStore|x86.Deploy.0 = Release|x86
		{C83C7796-1B4D-4592-AC59-67A7A0B036B3}.Debug|Any CPU.ActiveCfg = Debug|x86
		{C83C7796-1B4D-4592-AC59-67A7A0B036B3}.Debug|ARM.ActiveCfg = Debug|ARM
		{C83C7796-1B4D-4592-AC59-67A7A0B036B3}.Debug|ARM.Build.0 = Debug|ARM
		{C83C7796-1B4D-4592-AC59-67A7A0B036B3}.Debug|ARM.Deploy.0 = Debug|ARM
		{C83C7796-1B4D-4592-AC59-67A7A0B036B3}.Debug|iPhone.ActiveCfg = Debug|x86
		{C83C7796-1B4D-4592-AC59-67A7A0B036B3}.Debug|iPhoneSimulator.ActiveCfg = Debug|x86
		{C83C7796-1B4D-4592-AC59-67A7A0B036B3}.Debug|x64.ActiveCfg = Debug|x64
		{C83C7796-1B4D-4592-AC59-67A7A0B036B3}.Debug|x64.Build.0 = Debug|x64
		{C83C7796-1B4D-4592-AC59-67A7A0B036B3}.Debug|x64.Deploy.0 = Debug|x64
		{C83C7796-1B4D-4592-AC59-67A7A0B036B3}.Debug|x86.ActiveCfg = Debug|x86
		{C83C7796-1B4D-4592-AC59-67A7A0B036B3}.Debug|x86.Build.0 = Debug|x86
		{C83C7796-1B4D-4592-AC59-67A7A0B036B3}.Debug|x86.Deploy.0 = Debug|x86
		{C83C7796-1B4D-4592-AC59-67A7A0B036B3}.Release|Any CPU.ActiveCfg = Release|x86
		{C83C7796-1B4D-4592-AC59-67A7A0B036B3}.Release|ARM.ActiveCfg = Release|ARM
		{C83C7796-1B4D-4592-AC59-67A7A0B036B3}.Release|ARM.Build.0 = Release|ARM
		{C83C7796-1B4D-4592-AC59-67A7A0B036B3}.Release|ARM.Deploy.0 = Release|ARM
		{C83C7796-1B4D-4592-AC59-67A7A0B036B3}.Release|iPhone.ActiveCfg = Release|x86
		{C83C7796-1B4D-4592-AC59-67A7A0B036B3}.Release|iPhoneSimulator.ActiveCfg = Release|x86
		{C83C7796-1B4D-4592-AC59-67A7A0B036B3}.Release|x64.ActiveCfg = Release|x64
		{C83C7796-1B4D-4592-AC59-67A7A0B036B3}.Release|x64.Build.0 = Release|x64
		{C83C7796-1B4D-4592-AC59-67A7A0B036B3}.Release|x64.Deploy.0 = Release|x64
		{C83C7796-1B4D-4592-AC59-67A7A0B036B3}.Release|x86.ActiveCfg = Release|x86
		{C83C7796-1B4D-4592-AC59-67A7A0B036B3}.Release|x86.Build.0 = Release|x86
		{C83C7796-1B4D-4592-AC59-67A7A0B036B3}.Release|x86.Deploy.0 = Release|x86
		{AA828AED-C5A6-493A-8B0E-65909E246CD0}.Ad-Hoc|Any CPU.ActiveCfg = Release|Any CPU
		{AA828AED-C5A6-493A-8B0E-65909E246CD0}.Ad-Hoc|Any CPU.Build.0 = Release|Any CPU
		{AA828AED-C5A6-493A-8B0E-65909E246CD0}.Ad-Hoc|Any CPU.Deploy.0 = Release|Any CPU
		{AA828AED-C5A6-493A-8B0E-65909E246CD0}.Ad-Hoc|ARM.ActiveCfg = Release|ARM
		{AA828AED-C5A6-493A-8B0E-65909E246CD0}.Ad-Hoc|ARM.Build.0 = Release|ARM
		{AA828AED-C5A6-493A-8B0E-65909E246CD0}.Ad-Hoc|ARM.Deploy.0 = Release|ARM
		{AA828AED-C5A6-493A-8B0E-65909E246CD0}.Ad-Hoc|iPhone.ActiveCfg = Release|Any CPU
		{AA828AED-C5A6-493A-8B0E-65909E246CD0}.Ad-Hoc|iPhone.Build.0 = Release|Any CPU
		{AA828AED-C5A6-493A-8B0E-65909E246CD0}.Ad-Hoc|iPhone.Deploy.0 = Release|Any CPU
		{AA828AED-C5A6-493A-8B0E-65909E246CD0}.Ad-Hoc|iPhoneSimulator.ActiveCfg = Release|Any CPU
		{AA828AED-C5A6-493A-8B0E-65909E246CD0}.Ad-Hoc|iPhoneSimulator.Build.0 = Release|Any CPU
		{AA828AED-C5A6-493A-8B0E-65909E246CD0}.Ad-Hoc|iPhoneSimulator.Deploy.0 = Release|Any CPU
		{AA828AED-C5A6-493A-8B0E-65909E246CD0}.Ad-Hoc|x64.ActiveCfg = Release|x64
		{AA828AED-C5A6-493A-8B0E-65909E246CD0}.Ad-Hoc|x64.Build.0 = Release|x64
		{AA828AED-C5A6-493A-8B0E-65909E246CD0}.Ad-Hoc|x64.Deploy.0 = Release|x64
		{AA828AED-C5A6-493A-8B0E-65909E246CD0}.Ad-Hoc|x86.ActiveCfg = Release|x86
		{AA828AED-C5A6-493A-8B0E-65909E246CD0}.Ad-Hoc|x86.Build.0 = Release|x86
		{AA828AED-C5A6-493A-8B0E-65909E246CD0}.Ad-Hoc|x86.Deploy.0 = Release|x86
		{AA828AED-C5A6-493A-8B0E-65909E246CD0}.AppStore|Any CPU.ActiveCfg = Release|Any CPU
		{AA828AED-C5A6-493A-8B0E-65909E246CD0}.AppStore|Any CPU.Build.0 = Release|Any CPU
		{AA828AED-C5A6-493A-8B0E-65909E246CD0}.AppStore|Any CPU.Deploy.0 = Release|Any CPU
		{AA828AED-C5A6-493A-8B0E-65909E246CD0}.AppStore|ARM.ActiveCfg = Release|ARM
		{AA828AED-C5A6-493A-8B0E-65909E246CD0}.AppStore|ARM.Build.0 = Release|ARM
		{AA828AED-C5A6-493A-8B0E-65909E246CD0}.AppStore|ARM.Deploy.0 = Release|ARM
		{AA828AED-C5A6-493A-8B0E-65909E246CD0}.AppStore|iPhone.ActiveCfg = Release|Any CPU
		{AA828AED-C5A6-493A-8B0E-65909E246CD0}.AppStore|iPhone.Build.0 = Release|Any CPU
		{AA828AED-C5A6-493A-8B0E-65909E246CD0}.AppStore|iPhone.Deploy.0 = Release|Any CPU
		{AA828AED-C5A6-493A-8B0E-65909E246CD0}.AppStore|iPhoneSimulator.ActiveCfg = Release|Any CPU
		{AA828AED-C5A6-493A-8B0E-65909E246CD0}.AppStore|iPhoneSimulator.Build.0 = Release|Any CPU
		{AA828AED-C5A6-493A-8B0E-65909E246CD0}.AppStore|iPhoneSimulator.Deploy.0 = Release|Any CPU
		{AA828AED-C5A6-493A-8B0E-65909E246CD0}.AppStore|x64.ActiveCfg = Release|x64
		{AA828AED-C5A6-493A-8B0E-65909E246CD0}.AppStore|x64.Build.0 = Release|x64
		{AA828AED-C5A6-493A-8B0E-65909E246CD0}.AppStore|x64.Deploy.0 = Release|x64
		{AA828AED-C5A6-493A-8B0E-65909E246CD0}.AppStore|x86.ActiveCfg = Release|x86
		{AA828AED-C5A6-493A-8B0E-65909E246CD0}.AppStore|x86.Build.0 = Release|x86
		{AA828AED-C5A6-493A-8B0E-65909E246CD0}.AppStore|x86.Deploy.0 = Release|x86
		{AA828AED-C5A6-493A-8B0E-65909E246CD0}.Debug|Any CPU.ActiveCfg = Debug|Any CPU
		{AA828AED-C5A6-493A-8B0E-65909E246CD0}.Debug|Any CPU.Build.0 = Debug|Any CPU
		{AA828AED-C5A6-493A-8B0E-65909E246CD0}.Debug|Any CPU.Deploy.0 = Debug|Any CPU
		{AA828AED-C5A6-493A-8B0E-65909E246CD0}.Debug|ARM.ActiveCfg = Debug|ARM
		{AA828AED-C5A6-493A-8B0E-65909E246CD0}.Debug|ARM.Build.0 = Debug|ARM
		{AA828AED-C5A6-493A-8B0E-65909E246CD0}.Debug|ARM.Deploy.0 = Debug|ARM
		{AA828AED-C5A6-493A-8B0E-65909E246CD0}.Debug|iPhone.ActiveCfg = Debug|Any CPU
		{AA828AED-C5A6-493A-8B0E-65909E246CD0}.Debug|iPhone.Build.0 = Debug|Any CPU
		{AA828AED-C5A6-493A-8B0E-65909E246CD0}.Debug|iPhone.Deploy.0 = Debug|Any CPU
		{AA828AED-C5A6-493A-8B0E-65909E246CD0}.Debug|iPhoneSimulator.ActiveCfg = Debug|Any CPU
		{AA828AED-C5A6-493A-8B0E-65909E246CD0}.Debug|iPhoneSimulator.Build.0 = Debug|Any CPU
		{AA828AED-C5A6-493A-8B0E-65909E246CD0}.Debug|iPhoneSimulator.Deploy.0 = Debug|Any CPU
		{AA828AED-C5A6-493A-8B0E-65909E246CD0}.Debug|x64.ActiveCfg = Debug|x64
		{AA828AED-C5A6-493A-8B0E-65909E246CD0}.Debug|x64.Build.0 = Debug|x64
		{AA828AED-C5A6-493A-8B0E-65909E246CD0}.Debug|x64.Deploy.0 = Debug|x64
		{AA828AED-C5A6-493A-8B0E-65909E246CD0}.Debug|x86.ActiveCfg = Debug|x86
		{AA828AED-C5A6-493A-8B0E-65909E246CD0}.Debug|x86.Build.0 = Debug|x86
		{AA828AED-C5A6-493A-8B0E-65909E246CD0}.Debug|x86.Deploy.0 = Debug|x86
		{AA828AED-C5A6-493A-8B0E-65909E246CD0}.Release|Any CPU.ActiveCfg = Release|Any CPU
		{AA828AED-C5A6-493A-8B0E-65909E246CD0}.Release|Any CPU.Build.0 = Release|Any CPU
		{AA828AED-C5A6-493A-8B0E-65909E246CD0}.Release|Any CPU.Deploy.0 = Release|Any CPU
		{AA828AED-C5A6-493A-8B0E-65909E246CD0}.Release|ARM.ActiveCfg = Release|ARM
		{AA828AED-C5A6-493A-8B0E-65909E246CD0}.Release|ARM.Build.0 = Release|ARM
		{AA828AED-C5A6-493A-8B0E-65909E246CD0}.Release|ARM.Deploy.0 = Release|ARM
		{AA828AED-C5A6-493A-8B0E-65909E246CD0}.Release|iPhone.ActiveCfg = Release|Any CPU
		{AA828AED-C5A6-493A-8B0E-65909E246CD0}.Release|iPhone.Build.0 = Release|Any CPU
		{AA828AED-C5A6-493A-8B0E-65909E246CD0}.Release|iPhone.Deploy.0 = Release|Any CPU
		{AA828AED-C5A6-493A-8B0E-65909E246CD0}.Release|iPhoneSimulator.ActiveCfg = Release|Any CPU
		{AA828AED-C5A6-493A-8B0E-65909E246CD0}.Release|iPhoneSimulator.Build.0 = Release|Any CPU
		{AA828AED-C5A6-493A-8B0E-65909E246CD0}.Release|iPhoneSimulator.Deploy.0 = Release|Any CPU
		{AA828AED-C5A6-493A-8B0E-65909E246CD0}.Release|x64.ActiveCfg = Release|x64
		{AA828AED-C5A6-493A-8B0E-65909E246CD0}.Release|x64.Build.0 = Release|x64
		{AA828AED-C5A6-493A-8B0E-65909E246CD0}.Release|x64.Deploy.0 = Release|x64
		{AA828AED-C5A6-493A-8B0E-65909E246CD0}.Release|x86.ActiveCfg = Release|x86
		{AA828AED-C5A6-493A-8B0E-65909E246CD0}.Release|x86.Build.0 = Release|x86
		{AA828AED-C5A6-493A-8B0E-65909E246CD0}.Release|x86.Deploy.0 = Release|x86
		{55B6B84D-2507-472B-AB33-7B35A831EEBF}.Ad-Hoc|Any CPU.ActiveCfg = Ad-Hoc|iPhone
		{55B6B84D-2507-472B-AB33-7B35A831EEBF}.Ad-Hoc|ARM.ActiveCfg = Ad-Hoc|iPhone
		{55B6B84D-2507-472B-AB33-7B35A831EEBF}.Ad-Hoc|iPhone.ActiveCfg = Ad-Hoc|iPhone
		{55B6B84D-2507-472B-AB33-7B35A831EEBF}.Ad-Hoc|iPhone.Build.0 = Ad-Hoc|iPhone
		{55B6B84D-2507-472B-AB33-7B35A831EEBF}.Ad-Hoc|iPhoneSimulator.ActiveCfg = Ad-Hoc|iPhoneSimulator
		{55B6B84D-2507-472B-AB33-7B35A831EEBF}.Ad-Hoc|iPhoneSimulator.Build.0 = Ad-Hoc|iPhoneSimulator
		{55B6B84D-2507-472B-AB33-7B35A831EEBF}.Ad-Hoc|x64.ActiveCfg = Ad-Hoc|iPhone
		{55B6B84D-2507-472B-AB33-7B35A831EEBF}.Ad-Hoc|x86.ActiveCfg = Ad-Hoc|iPhone
		{55B6B84D-2507-472B-AB33-7B35A831EEBF}.AppStore|Any CPU.ActiveCfg = AppStore|iPhone
		{55B6B84D-2507-472B-AB33-7B35A831EEBF}.AppStore|ARM.ActiveCfg = AppStore|iPhone
		{55B6B84D-2507-472B-AB33-7B35A831EEBF}.AppStore|iPhone.ActiveCfg = AppStore|iPhone
		{55B6B84D-2507-472B-AB33-7B35A831EEBF}.AppStore|iPhone.Build.0 = AppStore|iPhone
		{55B6B84D-2507-472B-AB33-7B35A831EEBF}.AppStore|iPhoneSimulator.ActiveCfg = AppStore|iPhoneSimulator
		{55B6B84D-2507-472B-AB33-7B35A831EEBF}.AppStore|iPhoneSimulator.Build.0 = AppStore|iPhoneSimulator
		{55B6B84D-2507-472B-AB33-7B35A831EEBF}.AppStore|x64.ActiveCfg = AppStore|iPhone
		{55B6B84D-2507-472B-AB33-7B35A831EEBF}.AppStore|x86.ActiveCfg = AppStore|iPhone
		{55B6B84D-2507-472B-AB33-7B35A831EEBF}.Debug|Any CPU.ActiveCfg = Debug|iPhone
		{55B6B84D-2507-472B-AB33-7B35A831EEBF}.Debug|ARM.ActiveCfg = Debug|iPhone
		{55B6B84D-2507-472B-AB33-7B35A831EEBF}.Debug|iPhone.ActiveCfg = Debug|iPhone
		{55B6B84D-2507-472B-AB33-7B35A831EEBF}.Debug|iPhone.Build.0 = Debug|iPhone
		{55B6B84D-2507-472B-AB33-7B35A831EEBF}.Debug|iPhoneSimulator.ActiveCfg = Debug|iPhoneSimulator
		{55B6B84D-2507-472B-AB33-7B35A831EEBF}.Debug|iPhoneSimulator.Build.0 = Debug|iPhoneSimulator
		{55B6B84D-2507-472B-AB33-7B35A831EEBF}.Debug|x64.ActiveCfg = Debug|iPhone
		{55B6B84D-2507-472B-AB33-7B35A831EEBF}.Debug|x86.ActiveCfg = Debug|iPhone
		{55B6B84D-2507-472B-AB33-7B35A831EEBF}.Release|Any CPU.ActiveCfg = Release|iPhone
		{55B6B84D-2507-472B-AB33-7B35A831EEBF}.Release|ARM.ActiveCfg = Release|iPhone
		{55B6B84D-2507-472B-AB33-7B35A831EEBF}.Release|iPhone.ActiveCfg = Release|iPhone
		{55B6B84D-2507-472B-AB33-7B35A831EEBF}.Release|iPhone.Build.0 = Release|iPhone
		{55B6B84D-2507-472B-AB33-7B35A831EEBF}.Release|iPhoneSimulator.ActiveCfg = Release|iPhoneSimulator
		{55B6B84D-2507-472B-AB33-7B35A831EEBF}.Release|iPhoneSimulator.Build.0 = Release|iPhoneSimulator
		{55B6B84D-2507-472B-AB33-7B35A831EEBF}.Release|x64.ActiveCfg = Release|iPhone
		{55B6B84D-2507-472B-AB33-7B35A831EEBF}.Release|x86.ActiveCfg = Release|iPhone
		{AA5ADE75-0A7E-4F5F-B9D7-23D8FEDF9416}.Ad-Hoc|Any CPU.ActiveCfg = Release|Any CPU
		{AA5ADE75-0A7E-4F5F-B9D7-23D8FEDF9416}.Ad-Hoc|Any CPU.Build.0 = Release|Any CPU
		{AA5ADE75-0A7E-4F5F-B9D7-23D8FEDF9416}.Ad-Hoc|Any CPU.Deploy.0 = Release|Any CPU
		{AA5ADE75-0A7E-4F5F-B9D7-23D8FEDF9416}.Ad-Hoc|ARM.ActiveCfg = Release|ARM
		{AA5ADE75-0A7E-4F5F-B9D7-23D8FEDF9416}.Ad-Hoc|ARM.Build.0 = Release|ARM
		{AA5ADE75-0A7E-4F5F-B9D7-23D8FEDF9416}.Ad-Hoc|ARM.Deploy.0 = Release|ARM
		{AA5ADE75-0A7E-4F5F-B9D7-23D8FEDF9416}.Ad-Hoc|iPhone.ActiveCfg = Release|Any CPU
		{AA5ADE75-0A7E-4F5F-B9D7-23D8FEDF9416}.Ad-Hoc|iPhone.Build.0 = Release|Any CPU
		{AA5ADE75-0A7E-4F5F-B9D7-23D8FEDF9416}.Ad-Hoc|iPhone.Deploy.0 = Release|Any CPU
		{AA5ADE75-0A7E-4F5F-B9D7-23D8FEDF9416}.Ad-Hoc|iPhoneSimulator.ActiveCfg = Release|Any CPU
		{AA5ADE75-0A7E-4F5F-B9D7-23D8FEDF9416}.Ad-Hoc|iPhoneSimulator.Build.0 = Release|Any CPU
		{AA5ADE75-0A7E-4F5F-B9D7-23D8FEDF9416}.Ad-Hoc|iPhoneSimulator.Deploy.0 = Release|Any CPU
		{AA5ADE75-0A7E-4F5F-B9D7-23D8FEDF9416}.Ad-Hoc|x64.ActiveCfg = Release|Any CPU
		{AA5ADE75-0A7E-4F5F-B9D7-23D8FEDF9416}.Ad-Hoc|x64.Build.0 = Release|Any CPU
		{AA5ADE75-0A7E-4F5F-B9D7-23D8FEDF9416}.Ad-Hoc|x64.Deploy.0 = Release|Any CPU
		{AA5ADE75-0A7E-4F5F-B9D7-23D8FEDF9416}.Ad-Hoc|x86.ActiveCfg = Release|x86
		{AA5ADE75-0A7E-4F5F-B9D7-23D8FEDF9416}.Ad-Hoc|x86.Build.0 = Release|x86
		{AA5ADE75-0A7E-4F5F-B9D7-23D8FEDF9416}.Ad-Hoc|x86.Deploy.0 = Release|x86
		{AA5ADE75-0A7E-4F5F-B9D7-23D8FEDF9416}.AppStore|Any CPU.ActiveCfg = Release|Any CPU
		{AA5ADE75-0A7E-4F5F-B9D7-23D8FEDF9416}.AppStore|Any CPU.Build.0 = Release|Any CPU
		{AA5ADE75-0A7E-4F5F-B9D7-23D8FEDF9416}.AppStore|Any CPU.Deploy.0 = Release|Any CPU
		{AA5ADE75-0A7E-4F5F-B9D7-23D8FEDF9416}.AppStore|ARM.ActiveCfg = Release|ARM
		{AA5ADE75-0A7E-4F5F-B9D7-23D8FEDF9416}.AppStore|ARM.Build.0 = Release|ARM
		{AA5ADE75-0A7E-4F5F-B9D7-23D8FEDF9416}.AppStore|ARM.Deploy.0 = Release|ARM
		{AA5ADE75-0A7E-4F5F-B9D7-23D8FEDF9416}.AppStore|iPhone.ActiveCfg = Release|Any CPU
		{AA5ADE75-0A7E-4F5F-B9D7-23D8FEDF9416}.AppStore|iPhone.Build.0 = Release|Any CPU
		{AA5ADE75-0A7E-4F5F-B9D7-23D8FEDF9416}.AppStore|iPhone.Deploy.0 = Release|Any CPU
		{AA5ADE75-0A7E-4F5F-B9D7-23D8FEDF9416}.AppStore|iPhoneSimulator.ActiveCfg = Release|Any CPU
		{AA5ADE75-0A7E-4F5F-B9D7-23D8FEDF9416}.AppStore|iPhoneSimulator.Build.0 = Release|Any CPU
		{AA5ADE75-0A7E-4F5F-B9D7-23D8FEDF9416}.AppStore|iPhoneSimulator.Deploy.0 = Release|Any CPU
		{AA5ADE75-0A7E-4F5F-B9D7-23D8FEDF9416}.AppStore|x64.ActiveCfg = Release|Any CPU
		{AA5ADE75-0A7E-4F5F-B9D7-23D8FEDF9416}.AppStore|x64.Build.0 = Release|Any CPU
		{AA5ADE75-0A7E-4F5F-B9D7-23D8FEDF9416}.AppStore|x64.Deploy.0 = Release|Any CPU
		{AA5ADE75-0A7E-4F5F-B9D7-23D8FEDF9416}.AppStore|x86.ActiveCfg = Release|x86
		{AA5ADE75-0A7E-4F5F-B9D7-23D8FEDF9416}.AppStore|x86.Build.0 = Release|x86
		{AA5ADE75-0A7E-4F5F-B9D7-23D8FEDF9416}.AppStore|x86.Deploy.0 = Release|x86
		{AA5ADE75-0A7E-4F5F-B9D7-23D8FEDF9416}.Debug|Any CPU.ActiveCfg = Debug|Any CPU
		{AA5ADE75-0A7E-4F5F-B9D7-23D8FEDF9416}.Debug|Any CPU.Build.0 = Debug|Any CPU
		{AA5ADE75-0A7E-4F5F-B9D7-23D8FEDF9416}.Debug|Any CPU.Deploy.0 = Debug|Any CPU
		{AA5ADE75-0A7E-4F5F-B9D7-23D8FEDF9416}.Debug|ARM.ActiveCfg = Debug|ARM
		{AA5ADE75-0A7E-4F5F-B9D7-23D8FEDF9416}.Debug|ARM.Build.0 = Debug|ARM
		{AA5ADE75-0A7E-4F5F-B9D7-23D8FEDF9416}.Debug|ARM.Deploy.0 = Debug|ARM
		{AA5ADE75-0A7E-4F5F-B9D7-23D8FEDF9416}.Debug|iPhone.ActiveCfg = Debug|Any CPU
		{AA5ADE75-0A7E-4F5F-B9D7-23D8FEDF9416}.Debug|iPhone.Build.0 = Debug|Any CPU
		{AA5ADE75-0A7E-4F5F-B9D7-23D8FEDF9416}.Debug|iPhone.Deploy.0 = Debug|Any CPU
		{AA5ADE75-0A7E-4F5F-B9D7-23D8FEDF9416}.Debug|iPhoneSimulator.ActiveCfg = Debug|Any CPU
		{AA5ADE75-0A7E-4F5F-B9D7-23D8FEDF9416}.Debug|iPhoneSimulator.Build.0 = Debug|Any CPU
		{AA5ADE75-0A7E-4F5F-B9D7-23D8FEDF9416}.Debug|iPhoneSimulator.Deploy.0 = Debug|Any CPU
		{AA5ADE75-0A7E-4F5F-B9D7-23D8FEDF9416}.Debug|x64.ActiveCfg = Debug|Any CPU
		{AA5ADE75-0A7E-4F5F-B9D7-23D8FEDF9416}.Debug|x64.Build.0 = Debug|Any CPU
		{AA5ADE75-0A7E-4F5F-B9D7-23D8FEDF9416}.Debug|x64.Deploy.0 = Debug|Any CPU
		{AA5ADE75-0A7E-4F5F-B9D7-23D8FEDF9416}.Debug|x86.ActiveCfg = Debug|x86
		{AA5ADE75-0A7E-4F5F-B9D7-23D8FEDF9416}.Debug|x86.Build.0 = Debug|x86
		{AA5ADE75-0A7E-4F5F-B9D7-23D8FEDF9416}.Debug|x86.Deploy.0 = Debug|x86
		{AA5ADE75-0A7E-4F5F-B9D7-23D8FEDF9416}.Release|Any CPU.ActiveCfg = Release|Any CPU
		{AA5ADE75-0A7E-4F5F-B9D7-23D8FEDF9416}.Release|Any CPU.Build.0 = Release|Any CPU
		{AA5ADE75-0A7E-4F5F-B9D7-23D8FEDF9416}.Release|Any CPU.Deploy.0 = Release|Any CPU
		{AA5ADE75-0A7E-4F5F-B9D7-23D8FEDF9416}.Release|ARM.ActiveCfg = Release|ARM
		{AA5ADE75-0A7E-4F5F-B9D7-23D8FEDF9416}.Release|ARM.Build.0 = Release|ARM
		{AA5ADE75-0A7E-4F5F-B9D7-23D8FEDF9416}.Release|ARM.Deploy.0 = Release|ARM
		{AA5ADE75-0A7E-4F5F-B9D7-23D8FEDF9416}.Release|iPhone.ActiveCfg = Release|Any CPU
		{AA5ADE75-0A7E-4F5F-B9D7-23D8FEDF9416}.Release|iPhone.Build.0 = Release|Any CPU
		{AA5ADE75-0A7E-4F5F-B9D7-23D8FEDF9416}.Release|iPhone.Deploy.0 = Release|Any CPU
		{AA5ADE75-0A7E-4F5F-B9D7-23D8FEDF9416}.Release|iPhoneSimulator.ActiveCfg = Release|Any CPU
		{AA5ADE75-0A7E-4F5F-B9D7-23D8FEDF9416}.Release|iPhoneSimulator.Build.0 = Release|Any CPU
		{AA5ADE75-0A7E-4F5F-B9D7-23D8FEDF9416}.Release|iPhoneSimulator.Deploy.0 = Release|Any CPU
		{AA5ADE75-0A7E-4F5F-B9D7-23D8FEDF9416}.Release|x64.ActiveCfg = Release|Any CPU
		{AA5ADE75-0A7E-4F5F-B9D7-23D8FEDF9416}.Release|x64.Build.0 = Release|Any CPU
		{AA5ADE75-0A7E-4F5F-B9D7-23D8FEDF9416}.Release|x64.Deploy.0 = Release|Any CPU
		{AA5ADE75-0A7E-4F5F-B9D7-23D8FEDF9416}.Release|x86.ActiveCfg = Release|x86
		{AA5ADE75-0A7E-4F5F-B9D7-23D8FEDF9416}.Release|x86.Build.0 = Release|x86
		{AA5ADE75-0A7E-4F5F-B9D7-23D8FEDF9416}.Release|x86.Deploy.0 = Release|x86
		{4F519A6F-24F6-4C91-83AC-2EB7B4002F81}.Ad-Hoc|Any CPU.ActiveCfg = Release|Any CPU
		{4F519A6F-24F6-4C91-83AC-2EB7B4002F81}.Ad-Hoc|Any CPU.Build.0 = Release|Any CPU
		{4F519A6F-24F6-4C91-83AC-2EB7B4002F81}.Ad-Hoc|Any CPU.Deploy.0 = Release|Any CPU
		{4F519A6F-24F6-4C91-83AC-2EB7B4002F81}.Ad-Hoc|ARM.ActiveCfg = Release|ARM
		{4F519A6F-24F6-4C91-83AC-2EB7B4002F81}.Ad-Hoc|ARM.Build.0 = Release|ARM
		{4F519A6F-24F6-4C91-83AC-2EB7B4002F81}.Ad-Hoc|ARM.Deploy.0 = Release|ARM
		{4F519A6F-24F6-4C91-83AC-2EB7B4002F81}.Ad-Hoc|iPhone.ActiveCfg = Release|Any CPU
		{4F519A6F-24F6-4C91-83AC-2EB7B4002F81}.Ad-Hoc|iPhone.Build.0 = Release|Any CPU
		{4F519A6F-24F6-4C91-83AC-2EB7B4002F81}.Ad-Hoc|iPhone.Deploy.0 = Release|Any CPU
		{4F519A6F-24F6-4C91-83AC-2EB7B4002F81}.Ad-Hoc|iPhoneSimulator.ActiveCfg = Release|Any CPU
		{4F519A6F-24F6-4C91-83AC-2EB7B4002F81}.Ad-Hoc|iPhoneSimulator.Build.0 = Release|Any CPU
		{4F519A6F-24F6-4C91-83AC-2EB7B4002F81}.Ad-Hoc|iPhoneSimulator.Deploy.0 = Release|Any CPU
		{4F519A6F-24F6-4C91-83AC-2EB7B4002F81}.Ad-Hoc|x64.ActiveCfg = Release|x64
		{4F519A6F-24F6-4C91-83AC-2EB7B4002F81}.Ad-Hoc|x64.Build.0 = Release|x64
		{4F519A6F-24F6-4C91-83AC-2EB7B4002F81}.Ad-Hoc|x64.Deploy.0 = Release|x64
		{4F519A6F-24F6-4C91-83AC-2EB7B4002F81}.Ad-Hoc|x86.ActiveCfg = Release|x86
		{4F519A6F-24F6-4C91-83AC-2EB7B4002F81}.Ad-Hoc|x86.Build.0 = Release|x86
		{4F519A6F-24F6-4C91-83AC-2EB7B4002F81}.Ad-Hoc|x86.Deploy.0 = Release|x86
		{4F519A6F-24F6-4C91-83AC-2EB7B4002F81}.AppStore|Any CPU.ActiveCfg = Release|Any CPU
		{4F519A6F-24F6-4C91-83AC-2EB7B4002F81}.AppStore|Any CPU.Build.0 = Release|Any CPU
		{4F519A6F-24F6-4C91-83AC-2EB7B4002F81}.AppStore|Any CPU.Deploy.0 = Release|Any CPU
		{4F519A6F-24F6-4C91-83AC-2EB7B4002F81}.AppStore|ARM.ActiveCfg = Release|ARM
		{4F519A6F-24F6-4C91-83AC-2EB7B4002F81}.AppStore|ARM.Build.0 = Release|ARM
		{4F519A6F-24F6-4C91-83AC-2EB7B4002F81}.AppStore|ARM.Deploy.0 = Release|ARM
		{4F519A6F-24F6-4C91-83AC-2EB7B4002F81}.AppStore|iPhone.ActiveCfg = Release|Any CPU
		{4F519A6F-24F6-4C91-83AC-2EB7B4002F81}.AppStore|iPhone.Build.0 = Release|Any CPU
		{4F519A6F-24F6-4C91-83AC-2EB7B4002F81}.AppStore|iPhone.Deploy.0 = Release|Any CPU
		{4F519A6F-24F6-4C91-83AC-2EB7B4002F81}.AppStore|iPhoneSimulator.ActiveCfg = Release|Any CPU
		{4F519A6F-24F6-4C91-83AC-2EB7B4002F81}.AppStore|iPhoneSimulator.Build.0 = Release|Any CPU
		{4F519A6F-24F6-4C91-83AC-2EB7B4002F81}.AppStore|iPhoneSimulator.Deploy.0 = Release|Any CPU
		{4F519A6F-24F6-4C91-83AC-2EB7B4002F81}.AppStore|x64.ActiveCfg = Release|x64
		{4F519A6F-24F6-4C91-83AC-2EB7B4002F81}.AppStore|x64.Build.0 = Release|x64
		{4F519A6F-24F6-4C91-83AC-2EB7B4002F81}.AppStore|x64.Deploy.0 = Release|x64
		{4F519A6F-24F6-4C91-83AC-2EB7B4002F81}.AppStore|x86.ActiveCfg = Release|x86
		{4F519A6F-24F6-4C91-83AC-2EB7B4002F81}.AppStore|x86.Build.0 = Release|x86
		{4F519A6F-24F6-4C91-83AC-2EB7B4002F81}.AppStore|x86.Deploy.0 = Release|x86
		{4F519A6F-24F6-4C91-83AC-2EB7B4002F81}.Debug|Any CPU.ActiveCfg = Debug|Any CPU
		{4F519A6F-24F6-4C91-83AC-2EB7B4002F81}.Debug|Any CPU.Build.0 = Debug|Any CPU
		{4F519A6F-24F6-4C91-83AC-2EB7B4002F81}.Debug|Any CPU.Deploy.0 = Debug|Any CPU
		{4F519A6F-24F6-4C91-83AC-2EB7B4002F81}.Debug|ARM.ActiveCfg = Debug|ARM
		{4F519A6F-24F6-4C91-83AC-2EB7B4002F81}.Debug|ARM.Build.0 = Debug|ARM
		{4F519A6F-24F6-4C91-83AC-2EB7B4002F81}.Debug|ARM.Deploy.0 = Debug|ARM
		{4F519A6F-24F6-4C91-83AC-2EB7B4002F81}.Debug|iPhone.ActiveCfg = Debug|Any CPU
		{4F519A6F-24F6-4C91-83AC-2EB7B4002F81}.Debug|iPhone.Build.0 = Debug|Any CPU
		{4F519A6F-24F6-4C91-83AC-2EB7B4002F81}.Debug|iPhone.Deploy.0 = Debug|Any CPU
		{4F519A6F-24F6-4C91-83AC-2EB7B4002F81}.Debug|iPhoneSimulator.ActiveCfg = Debug|Any CPU
		{4F519A6F-24F6-4C91-83AC-2EB7B4002F81}.Debug|iPhoneSimulator.Build.0 = Debug|Any CPU
		{4F519A6F-24F6-4C91-83AC-2EB7B4002F81}.Debug|iPhoneSimulator.Deploy.0 = Debug|Any CPU
		{4F519A6F-24F6-4C91-83AC-2EB7B4002F81}.Debug|x64.ActiveCfg = Debug|x64
		{4F519A6F-24F6-4C91-83AC-2EB7B4002F81}.Debug|x64.Build.0 = Debug|x64
		{4F519A6F-24F6-4C91-83AC-2EB7B4002F81}.Debug|x64.Deploy.0 = Debug|x64
		{4F519A6F-24F6-4C91-83AC-2EB7B4002F81}.Debug|x86.ActiveCfg = Debug|x86
		{4F519A6F-24F6-4C91-83AC-2EB7B4002F81}.Debug|x86.Build.0 = Debug|x86
		{4F519A6F-24F6-4C91-83AC-2EB7B4002F81}.Debug|x86.Deploy.0 = Debug|x86
		{4F519A6F-24F6-4C91-83AC-2EB7B4002F81}.Release|Any CPU.ActiveCfg = Release|Any CPU
		{4F519A6F-24F6-4C91-83AC-2EB7B4002F81}.Release|Any CPU.Build.0 = Release|Any CPU
		{4F519A6F-24F6-4C91-83AC-2EB7B4002F81}.Release|Any CPU.Deploy.0 = Release|Any CPU
		{4F519A6F-24F6-4C91-83AC-2EB7B4002F81}.Release|ARM.ActiveCfg = Release|ARM
		{4F519A6F-24F6-4C91-83AC-2EB7B4002F81}.Release|ARM.Build.0 = Release|ARM
		{4F519A6F-24F6-4C91-83AC-2EB7B4002F81}.Release|ARM.Deploy.0 = Release|ARM
		{4F519A6F-24F6-4C91-83AC-2EB7B4002F81}.Release|iPhone.ActiveCfg = Release|Any CPU
		{4F519A6F-24F6-4C91-83AC-2EB7B4002F81}.Release|iPhone.Build.0 = Release|Any CPU
		{4F519A6F-24F6-4C91-83AC-2EB7B4002F81}.Release|iPhone.Deploy.0 = Release|Any CPU
		{4F519A6F-24F6-4C91-83AC-2EB7B4002F81}.Release|iPhoneSimulator.ActiveCfg = Release|Any CPU
		{4F519A6F-24F6-4C91-83AC-2EB7B4002F81}.Release|iPhoneSimulator.Build.0 = Release|Any CPU
		{4F519A6F-24F6-4C91-83AC-2EB7B4002F81}.Release|iPhoneSimulator.Deploy.0 = Release|Any CPU
		{4F519A6F-24F6-4C91-83AC-2EB7B4002F81}.Release|x64.ActiveCfg = Release|x64
		{4F519A6F-24F6-4C91-83AC-2EB7B4002F81}.Release|x64.Build.0 = Release|x64
		{4F519A6F-24F6-4C91-83AC-2EB7B4002F81}.Release|x64.Deploy.0 = Release|x64
		{4F519A6F-24F6-4C91-83AC-2EB7B4002F81}.Release|x86.ActiveCfg = Release|x86
		{4F519A6F-24F6-4C91-83AC-2EB7B4002F81}.Release|x86.Build.0 = Release|x86
		{4F519A6F-24F6-4C91-83AC-2EB7B4002F81}.Release|x86.Deploy.0 = Release|x86
	EndGlobalSection
	GlobalSection(SolutionProperties) = preSolution
		HideSolutionNode = FALSE
	EndGlobalSection
	GlobalSection(NestedProjects) = preSolution
		{4F11005C-80F2-4D5A-907D-A3F53D4D5BC2} = {4ADC83B2-B09B-42C8-B17A-8A01FFAC6FC3}
		{AFE57A71-5E48-4C1B-96D6-9B85D04DCF3F} = {4ADC83B2-B09B-42C8-B17A-8A01FFAC6FC3}
		{95904BD7-4A06-46BD-9E1F-825AD456A880} = {4ADC83B2-B09B-42C8-B17A-8A01FFAC6FC3}
		{AF1EFD18-0471-477F-8C2D-52A355DC945E} = {4ADC83B2-B09B-42C8-B17A-8A01FFAC6FC3}
		{BA4D5004-1530-4A6C-A476-DBC293ACAC1A} = {4A73847F-8F28-4D89-AEE0-90339EA53FAB}
		{5FF8A621-4A1D-4817-8195-117494FE8A7D} = {4A73847F-8F28-4D89-AEE0-90339EA53FAB}
		{8CCC2E43-1B1F-4FE1-816B-BDAD3AC2105E} = {4A73847F-8F28-4D89-AEE0-90339EA53FAB}
		{C83C7796-1B4D-4592-AC59-67A7A0B036B3} = {4A73847F-8F28-4D89-AEE0-90339EA53FAB}
		{AA828AED-C5A6-493A-8B0E-65909E246CD0} = {4A73847F-8F28-4D89-AEE0-90339EA53FAB}
		{55B6B84D-2507-472B-AB33-7B35A831EEBF} = {4A73847F-8F28-4D89-AEE0-90339EA53FAB}
		{AA5ADE75-0A7E-4F5F-B9D7-23D8FEDF9416} = {4ADC83B2-B09B-42C8-B17A-8A01FFAC6FC3}
		{6CB69BF6-EF51-4CC1-8B53-EF34AD59A709} = {4ADC83B2-B09B-42C8-B17A-8A01FFAC6FC3}
		{4F519A6F-24F6-4C91-83AC-2EB7B4002F81} = {4ADC83B2-B09B-42C8-B17A-8A01FFAC6FC3}
	EndGlobalSection
EndGlobal
